// !$*UTF8*$!
{
	archiveVersion = 1;
	classes = {
	};
	objectVersion = 50;
	objects = {

/* Begin PBXBuildFile section */
		55AFFE4A88E71C388CDD6EE7 /* libPods-Tangram.a in Frameworks */ = {isa = PBXBuildFile; fileRef = 6C30A44796B7699419F8E6F2 /* libPods-Tangram.a */; };
		F316D9CD2318CC0F0066FD90 /* Device.swift in Sources */ = {isa = PBXBuildFile; fileRef = F316D9CC2318CC0F0066FD90 /* Device.swift */; };
		F316D9CF2318CC7B0066FD90 /* UnknownCaseRepresentable.swift in Sources */ = {isa = PBXBuildFile; fileRef = F316D9CE2318CC7B0066FD90 /* UnknownCaseRepresentable.swift */; };
		F339344C2383EB5E00D76D4B /* UserDefaultsExt.swift in Sources */ = {isa = PBXBuildFile; fileRef = F339344B2383EB5E00D76D4B /* UserDefaultsExt.swift */; };
		F33935C4238D1D7F00D76D4B /* EncodableExt.swift in Sources */ = {isa = PBXBuildFile; fileRef = F33935C3238D1D7F00D76D4B /* EncodableExt.swift */; };
		F339366B238D2A1600D76D4B /* UIScrollView+Refresh.swift in Sources */ = {isa = PBXBuildFile; fileRef = F339366A238D2A1600D76D4B /* UIScrollView+Refresh.swift */; };
		F339366D238D2A1E00D76D4B /* PullToRefreshView.swift in Sources */ = {isa = PBXBuildFile; fileRef = F339366C238D2A1E00D76D4B /* PullToRefreshView.swift */; };
		F339366F238D2A2A00D76D4B /* LoadMoreView.swift in Sources */ = {isa = PBXBuildFile; fileRef = F339366E238D2A2A00D76D4B /* LoadMoreView.swift */; };
		F3393671238D2A3500D76D4B /* RefreshView.swift in Sources */ = {isa = PBXBuildFile; fileRef = F3393670238D2A3500D76D4B /* RefreshView.swift */; };
		F3393673238D2A6A00D76D4B /* SegmentBar.swift in Sources */ = {isa = PBXBuildFile; fileRef = F3393672238D2A6A00D76D4B /* SegmentBar.swift */; };
		F3393675238D2A7300D76D4B /* SegmentBarController.swift in Sources */ = {isa = PBXBuildFile; fileRef = F3393674238D2A7300D76D4B /* SegmentBarController.swift */; };
		F3393677238D2A7E00D76D4B /* SegmentBarItemView.swift in Sources */ = {isa = PBXBuildFile; fileRef = F3393676238D2A7E00D76D4B /* SegmentBarItemView.swift */; };
		F3393679238D2AB800D76D4B /* Alert.swift in Sources */ = {isa = PBXBuildFile; fileRef = F3393678238D2AB800D76D4B /* Alert.swift */; };
		F339367B238D2ABE00D76D4B /* Toast.swift in Sources */ = {isa = PBXBuildFile; fileRef = F339367A238D2ABE00D76D4B /* Toast.swift */; };
		F339367D238D2AC700D76D4B /* ProgressHUD.swift in Sources */ = {isa = PBXBuildFile; fileRef = F339367C238D2AC700D76D4B /* ProgressHUD.swift */; };
		F339367F238D2AD300D76D4B /* BannerView.swift in Sources */ = {isa = PBXBuildFile; fileRef = F339367E238D2AD300D76D4B /* BannerView.swift */; };
		F3393681238D34BF00D76D4B /* TouchAreaLargenButton.swift in Sources */ = {isa = PBXBuildFile; fileRef = F3393680238D34BF00D76D4B /* TouchAreaLargenButton.swift */; };
		F3393683238E569B00D76D4B /* PlaceHolderTextView.swift in Sources */ = {isa = PBXBuildFile; fileRef = F3393682238E569B00D76D4B /* PlaceHolderTextView.swift */; };
		F3393685238E5B0200D76D4B /* DatePicker.swift in Sources */ = {isa = PBXBuildFile; fileRef = F3393684238E5B0200D76D4B /* DatePicker.swift */; };
		F3393687238E62D600D76D4B /* StepperView.swift in Sources */ = {isa = PBXBuildFile; fileRef = F3393686238E62D600D76D4B /* StepperView.swift */; };
		F3393731238E689C00D76D4B /* MultipleLinesFlowLayout.swift in Sources */ = {isa = PBXBuildFile; fileRef = F3393730238E689C00D76D4B /* MultipleLinesFlowLayout.swift */; };
		F3393733238E7CFE00D76D4B /* TagListView.swift in Sources */ = {isa = PBXBuildFile; fileRef = F3393732238E7CFE00D76D4B /* TagListView.swift */; };
		F3689C4E230FD8D4005447BA /* AppDelegate.swift in Sources */ = {isa = PBXBuildFile; fileRef = F3689C4D230FD8D4005447BA /* AppDelegate.swift */; };
		F37457E42599723A006D3DE2 /* RxKeyboard.swift in Sources */ = {isa = PBXBuildFile; fileRef = F37457E02599723A006D3DE2 /* RxKeyboard.swift */; };
		F3745A162599A874006D3DE2 /* SwiftyJSON.swift in Sources */ = {isa = PBXBuildFile; fileRef = F3745A152599A873006D3DE2 /* SwiftyJSON.swift */; };
		F38570C42317DFDF0043EBC2 /* App.swift in Sources */ = {isa = PBXBuildFile; fileRef = F38570C32317DFDF0043EBC2 /* App.swift */; };
		F385710B2318C7130043EBC2 /* R.generated.swift in Sources */ = {isa = PBXBuildFile; fileRef = F385710A2318C7130043EBC2 /* R.generated.swift */; };
		F385710D2318C7250043EBC2 /* Assets.xcassets in Resources */ = {isa = PBXBuildFile; fileRef = F385710C2318C7250043EBC2 /* Assets.xcassets */; };
		F38571112318C7500043EBC2 /* README.md in Resources */ = {isa = PBXBuildFile; fileRef = F385710F2318C7500043EBC2 /* README.md */; };
		F38571132318C7620043EBC2 /* TangramX.podspec in Resources */ = {isa = PBXBuildFile; fileRef = F38571122318C7620043EBC2 /* TangramX.podspec */; };
		F38571152318C7C70043EBC2 /* LaunchScreen.storyboard in Resources */ = {isa = PBXBuildFile; fileRef = F38571142318C7C70043EBC2 /* LaunchScreen.storyboard */; };
		F38571172318C8890043EBC2 /* CountDown.swift in Sources */ = {isa = PBXBuildFile; fileRef = F38571162318C8890043EBC2 /* CountDown.swift */; };
		F38BBE902330D06A00A194AE /* UIViewExt.swift in Sources */ = {isa = PBXBuildFile; fileRef = F38BBE8F2330D06A00A194AE /* UIViewExt.swift */; };
		F38BBE922330D07400A194AE /* UIColorExt.swift in Sources */ = {isa = PBXBuildFile; fileRef = F38BBE912330D07400A194AE /* UIColorExt.swift */; };
		F38BBE942330D08B00A194AE /* UITableViewExt.swift in Sources */ = {isa = PBXBuildFile; fileRef = F38BBE932330D08B00A194AE /* UITableViewExt.swift */; };
		F38BBE962330D09C00A194AE /* UIImageExt.swift in Sources */ = {isa = PBXBuildFile; fileRef = F38BBE952330D09C00A194AE /* UIImageExt.swift */; };
		F38BBE982330D0A800A194AE /* UIButtonExt.swift in Sources */ = {isa = PBXBuildFile; fileRef = F38BBE972330D0A800A194AE /* UIButtonExt.swift */; };
		F38BBE9A2330D0B200A194AE /* UILabelExt.swift in Sources */ = {isa = PBXBuildFile; fileRef = F38BBE992330D0B100A194AE /* UILabelExt.swift */; };
		F38BBE9E2330D0E400A194AE /* UIImageViewExt.swift in Sources */ = {isa = PBXBuildFile; fileRef = F38BBE9D2330D0E400A194AE /* UIImageViewExt.swift */; };
		F38BBEA22330D16300A194AE /* UICollectionViewExt.swift in Sources */ = {isa = PBXBuildFile; fileRef = F38BBEA12330D16300A194AE /* UICollectionViewExt.swift */; };
		F38BBEA42330D17400A194AE /* UITabBarItemExt.swift in Sources */ = {isa = PBXBuildFile; fileRef = F38BBEA32330D17400A194AE /* UITabBarItemExt.swift */; };
		F38BBEA62330D18200A194AE /* UINavigationBarExt.swift in Sources */ = {isa = PBXBuildFile; fileRef = F38BBEA52330D18200A194AE /* UINavigationBarExt.swift */; };
		F38BBEA82330D18E00A194AE /* UIViewControllerExt.swift in Sources */ = {isa = PBXBuildFile; fileRef = F38BBEA72330D18E00A194AE /* UIViewControllerExt.swift */; };
		F38BBEAA2330D1AA00A194AE /* UINavigationControllerExt.swift in Sources */ = {isa = PBXBuildFile; fileRef = F38BBEA92330D1AA00A194AE /* UINavigationControllerExt.swift */; };
		F38BBEAC2330D1B700A194AE /* UITabBarControllerExt.swift in Sources */ = {isa = PBXBuildFile; fileRef = F38BBEAB2330D1B700A194AE /* UITabBarControllerExt.swift */; };
		F38BBEAE2330D1E500A194AE /* UIWindowExt.swift in Sources */ = {isa = PBXBuildFile; fileRef = F38BBEAD2330D1E500A194AE /* UIWindowExt.swift */; };
		F38BBEB22330D8F300A194AE /* IntExt.swift in Sources */ = {isa = PBXBuildFile; fileRef = F38BBEB12330D8F300A194AE /* IntExt.swift */; };
		F38BBEB42330D8FC00A194AE /* StringExt.swift in Sources */ = {isa = PBXBuildFile; fileRef = F38BBEB32330D8FC00A194AE /* StringExt.swift */; };
		F38BBEB62330D90B00A194AE /* DateExt.swift in Sources */ = {isa = PBXBuildFile; fileRef = F38BBEB52330D90B00A194AE /* DateExt.swift */; };
		F38BBEB82330D91500A194AE /* DataExt.swift in Sources */ = {isa = PBXBuildFile; fileRef = F38BBEB72330D91500A194AE /* DataExt.swift */; };
		F38BBEBA2330D92100A194AE /* ArrayExt.swift in Sources */ = {isa = PBXBuildFile; fileRef = F38BBEB92330D92100A194AE /* ArrayExt.swift */; };
		F38BBEBC2330D93B00A194AE /* DictionaryExt.swift in Sources */ = {isa = PBXBuildFile; fileRef = F38BBEBB2330D93B00A194AE /* DictionaryExt.swift */; };
		F38BBEC02330D95700A194AE /* BundleExt.swift in Sources */ = {isa = PBXBuildFile; fileRef = F38BBEBF2330D95700A194AE /* BundleExt.swift */; };
		F38BBEC22330D96C00A194AE /* NSObjectExt.swift in Sources */ = {isa = PBXBuildFile; fileRef = F38BBEC12330D96C00A194AE /* NSObjectExt.swift */; };
		F38BBEC62330D98800A194AE /* DispatchQueueExt.swift in Sources */ = {isa = PBXBuildFile; fileRef = F38BBEC52330D98800A194AE /* DispatchQueueExt.swift */; };
		F38BBEC82330D99700A194AE /* FileManagerExt.swift in Sources */ = {isa = PBXBuildFile; fileRef = F38BBEC72330D99700A194AE /* FileManagerExt.swift */; };
		F38BBED82330E0C500A194AE /* Network.swift in Sources */ = {isa = PBXBuildFile; fileRef = F38BBED72330E0C500A194AE /* Network.swift */; };
		F38BBEDA2330E0CE00A194AE /* Router.swift in Sources */ = {isa = PBXBuildFile; fileRef = F38BBED92330E0CE00A194AE /* Router.swift */; };
		F38BBF0C2330E47400A194AE /* WebViewController.swift in Sources */ = {isa = PBXBuildFile; fileRef = F38BBF0B2330E47400A194AE /* WebViewController.swift */; };
		F38BC0C22332367A00A194AE /* TimerExt.swift in Sources */ = {isa = PBXBuildFile; fileRef = F38BC0C12332367A00A194AE /* TimerExt.swift */; };
		F3BD3C65259573CC00321FEB /* PropertyWrapper.swift in Sources */ = {isa = PBXBuildFile; fileRef = F3BD3C64259573CB00321FEB /* PropertyWrapper.swift */; };
		F3BD3C682595743800321FEB /* WaterFallFlowLayout.swift in Sources */ = {isa = PBXBuildFile; fileRef = F3BD3C672595743800321FEB /* WaterFallFlowLayout.swift */; };
		F3BD3C6B2595744800321FEB /* CarouselFlowLayout.swift in Sources */ = {isa = PBXBuildFile; fileRef = F3BD3C6A2595744800321FEB /* CarouselFlowLayout.swift */; };
		F3BD3D6325957C4100321FEB /* CLLocationManagerExt.swift in Sources */ = {isa = PBXBuildFile; fileRef = F3BD3D6225957C4100321FEB /* CLLocationManagerExt.swift */; };
		F3BD3D6625957C7600321FEB /* NotificationNameExt.swift in Sources */ = {isa = PBXBuildFile; fileRef = F3BD3D6525957C7600321FEB /* NotificationNameExt.swift */; };
		F3BD3D692595874300321FEB /* TextViewController.swift in Sources */ = {isa = PBXBuildFile; fileRef = F3BD3D682595874300321FEB /* TextViewController.swift */; };
/* End PBXBuildFile section */

/* Begin PBXFileReference section */
		1171D6959A610F3CC694E034 /* Pods-Tangram.release.xcconfig */ = {isa = PBXFileReference; includeInIndex = 1; lastKnownFileType = text.xcconfig; name = "Pods-Tangram.release.xcconfig"; path = "Target Support Files/Pods-Tangram/Pods-Tangram.release.xcconfig"; sourceTree = "<group>"; };
		6C30A44796B7699419F8E6F2 /* libPods-Tangram.a */ = {isa = PBXFileReference; explicitFileType = archive.ar; includeInIndex = 0; path = "libPods-Tangram.a"; sourceTree = BUILT_PRODUCTS_DIR; };
		83A675B1E5F8973DC59A3696 /* Pods-Tangram.debug.xcconfig */ = {isa = PBXFileReference; includeInIndex = 1; lastKnownFileType = text.xcconfig; name = "Pods-Tangram.debug.xcconfig"; path = "Target Support Files/Pods-Tangram/Pods-Tangram.debug.xcconfig"; sourceTree = "<group>"; };
		F316D9CC2318CC0F0066FD90 /* Device.swift */ = {isa = PBXFileReference; lastKnownFileType = sourcecode.swift; path = Device.swift; sourceTree = "<group>"; };
		F316D9CE2318CC7B0066FD90 /* UnknownCaseRepresentable.swift */ = {isa = PBXFileReference; lastKnownFileType = sourcecode.swift; path = UnknownCaseRepresentable.swift; sourceTree = "<group>"; };
		F339344B2383EB5E00D76D4B /* UserDefaultsExt.swift */ = {isa = PBXFileReference; lastKnownFileType = sourcecode.swift; path = UserDefaultsExt.swift; sourceTree = "<group>"; };
		F33935C3238D1D7F00D76D4B /* EncodableExt.swift */ = {isa = PBXFileReference; lastKnownFileType = sourcecode.swift; path = EncodableExt.swift; sourceTree = "<group>"; };
		F339366A238D2A1600D76D4B /* UIScrollView+Refresh.swift */ = {isa = PBXFileReference; lastKnownFileType = sourcecode.swift; path = "UIScrollView+Refresh.swift"; sourceTree = "<group>"; };
		F339366C238D2A1E00D76D4B /* PullToRefreshView.swift */ = {isa = PBXFileReference; lastKnownFileType = sourcecode.swift; path = PullToRefreshView.swift; sourceTree = "<group>"; };
		F339366E238D2A2A00D76D4B /* LoadMoreView.swift */ = {isa = PBXFileReference; lastKnownFileType = sourcecode.swift; path = LoadMoreView.swift; sourceTree = "<group>"; };
		F3393670238D2A3500D76D4B /* RefreshView.swift */ = {isa = PBXFileReference; lastKnownFileType = sourcecode.swift; path = RefreshView.swift; sourceTree = "<group>"; };
		F3393672238D2A6A00D76D4B /* SegmentBar.swift */ = {isa = PBXFileReference; lastKnownFileType = sourcecode.swift; path = SegmentBar.swift; sourceTree = "<group>"; };
		F3393674238D2A7300D76D4B /* SegmentBarController.swift */ = {isa = PBXFileReference; lastKnownFileType = sourcecode.swift; path = SegmentBarController.swift; sourceTree = "<group>"; };
		F3393676238D2A7E00D76D4B /* SegmentBarItemView.swift */ = {isa = PBXFileReference; lastKnownFileType = sourcecode.swift; path = SegmentBarItemView.swift; sourceTree = "<group>"; };
		F3393678238D2AB800D76D4B /* Alert.swift */ = {isa = PBXFileReference; lastKnownFileType = sourcecode.swift; path = Alert.swift; sourceTree = "<group>"; };
		F339367A238D2ABE00D76D4B /* Toast.swift */ = {isa = PBXFileReference; lastKnownFileType = sourcecode.swift; path = Toast.swift; sourceTree = "<group>"; };
		F339367C238D2AC700D76D4B /* ProgressHUD.swift */ = {isa = PBXFileReference; lastKnownFileType = sourcecode.swift; path = ProgressHUD.swift; sourceTree = "<group>"; };
		F339367E238D2AD300D76D4B /* BannerView.swift */ = {isa = PBXFileReference; lastKnownFileType = sourcecode.swift; path = BannerView.swift; sourceTree = "<group>"; };
		F3393680238D34BF00D76D4B /* TouchAreaLargenButton.swift */ = {isa = PBXFileReference; lastKnownFileType = sourcecode.swift; path = TouchAreaLargenButton.swift; sourceTree = "<group>"; };
		F3393682238E569B00D76D4B /* PlaceHolderTextView.swift */ = {isa = PBXFileReference; lastKnownFileType = sourcecode.swift; path = PlaceHolderTextView.swift; sourceTree = "<group>"; };
		F3393684238E5B0200D76D4B /* DatePicker.swift */ = {isa = PBXFileReference; lastKnownFileType = sourcecode.swift; path = DatePicker.swift; sourceTree = "<group>"; };
		F3393686238E62D600D76D4B /* StepperView.swift */ = {isa = PBXFileReference; lastKnownFileType = sourcecode.swift; path = StepperView.swift; sourceTree = "<group>"; };
		F3393730238E689C00D76D4B /* MultipleLinesFlowLayout.swift */ = {isa = PBXFileReference; lastKnownFileType = sourcecode.swift; path = MultipleLinesFlowLayout.swift; sourceTree = "<group>"; };
		F3393732238E7CFE00D76D4B /* TagListView.swift */ = {isa = PBXFileReference; lastKnownFileType = sourcecode.swift; path = TagListView.swift; sourceTree = "<group>"; };
		F3689C4A230FD8D4005447BA /* Tangram.app */ = {isa = PBXFileReference; explicitFileType = wrapper.application; includeInIndex = 0; path = Tangram.app; sourceTree = BUILT_PRODUCTS_DIR; };
		F3689C4D230FD8D4005447BA /* AppDelegate.swift */ = {isa = PBXFileReference; lastKnownFileType = sourcecode.swift; path = AppDelegate.swift; sourceTree = "<group>"; };
		F37457E02599723A006D3DE2 /* RxKeyboard.swift */ = {isa = PBXFileReference; fileEncoding = 4; lastKnownFileType = sourcecode.swift; path = RxKeyboard.swift; sourceTree = "<group>"; };
		F3745A152599A873006D3DE2 /* SwiftyJSON.swift */ = {isa = PBXFileReference; fileEncoding = 4; lastKnownFileType = sourcecode.swift; path = SwiftyJSON.swift; sourceTree = "<group>"; };
		F38570C32317DFDF0043EBC2 /* App.swift */ = {isa = PBXFileReference; lastKnownFileType = sourcecode.swift; path = App.swift; sourceTree = "<group>"; };
		F385710A2318C7130043EBC2 /* R.generated.swift */ = {isa = PBXFileReference; fileEncoding = 4; lastKnownFileType = sourcecode.swift; path = R.generated.swift; sourceTree = SOURCE_ROOT; };
		F385710C2318C7250043EBC2 /* Assets.xcassets */ = {isa = PBXFileReference; lastKnownFileType = folder.assetcatalog; path = Assets.xcassets; sourceTree = "<group>"; };
		F385710F2318C7500043EBC2 /* README.md */ = {isa = PBXFileReference; fileEncoding = 4; lastKnownFileType = net.daringfireball.markdown; path = README.md; sourceTree = SOURCE_ROOT; };
		F38571122318C7620043EBC2 /* TangramX.podspec */ = {isa = PBXFileReference; lastKnownFileType = text; path = TangramX.podspec; sourceTree = SOURCE_ROOT; };
		F38571142318C7C70043EBC2 /* LaunchScreen.storyboard */ = {isa = PBXFileReference; lastKnownFileType = file.storyboard; path = LaunchScreen.storyboard; sourceTree = "<group>"; };
		F38571162318C8890043EBC2 /* CountDown.swift */ = {isa = PBXFileReference; lastKnownFileType = sourcecode.swift; path = CountDown.swift; sourceTree = "<group>"; };
		F38BBE8F2330D06A00A194AE /* UIViewExt.swift */ = {isa = PBXFileReference; lastKnownFileType = sourcecode.swift; path = UIViewExt.swift; sourceTree = "<group>"; };
		F38BBE912330D07400A194AE /* UIColorExt.swift */ = {isa = PBXFileReference; lastKnownFileType = sourcecode.swift; path = UIColorExt.swift; sourceTree = "<group>"; };
		F38BBE932330D08B00A194AE /* UITableViewExt.swift */ = {isa = PBXFileReference; lastKnownFileType = sourcecode.swift; path = UITableViewExt.swift; sourceTree = "<group>"; };
		F38BBE952330D09C00A194AE /* UIImageExt.swift */ = {isa = PBXFileReference; lastKnownFileType = sourcecode.swift; path = UIImageExt.swift; sourceTree = "<group>"; };
		F38BBE972330D0A800A194AE /* UIButtonExt.swift */ = {isa = PBXFileReference; lastKnownFileType = sourcecode.swift; path = UIButtonExt.swift; sourceTree = "<group>"; };
		F38BBE992330D0B100A194AE /* UILabelExt.swift */ = {isa = PBXFileReference; lastKnownFileType = sourcecode.swift; path = UILabelExt.swift; sourceTree = "<group>"; };
		F38BBE9D2330D0E400A194AE /* UIImageViewExt.swift */ = {isa = PBXFileReference; lastKnownFileType = sourcecode.swift; path = UIImageViewExt.swift; sourceTree = "<group>"; };
		F38BBEA12330D16300A194AE /* UICollectionViewExt.swift */ = {isa = PBXFileReference; lastKnownFileType = sourcecode.swift; path = UICollectionViewExt.swift; sourceTree = "<group>"; };
		F38BBEA32330D17400A194AE /* UITabBarItemExt.swift */ = {isa = PBXFileReference; lastKnownFileType = sourcecode.swift; path = UITabBarItemExt.swift; sourceTree = "<group>"; };
		F38BBEA52330D18200A194AE /* UINavigationBarExt.swift */ = {isa = PBXFileReference; lastKnownFileType = sourcecode.swift; path = UINavigationBarExt.swift; sourceTree = "<group>"; };
		F38BBEA72330D18E00A194AE /* UIViewControllerExt.swift */ = {isa = PBXFileReference; lastKnownFileType = sourcecode.swift; path = UIViewControllerExt.swift; sourceTree = "<group>"; };
		F38BBEA92330D1AA00A194AE /* UINavigationControllerExt.swift */ = {isa = PBXFileReference; lastKnownFileType = sourcecode.swift; path = UINavigationControllerExt.swift; sourceTree = "<group>"; };
		F38BBEAB2330D1B700A194AE /* UITabBarControllerExt.swift */ = {isa = PBXFileReference; lastKnownFileType = sourcecode.swift; path = UITabBarControllerExt.swift; sourceTree = "<group>"; };
		F38BBEAD2330D1E500A194AE /* UIWindowExt.swift */ = {isa = PBXFileReference; lastKnownFileType = sourcecode.swift; path = UIWindowExt.swift; sourceTree = "<group>"; };
		F38BBEB12330D8F300A194AE /* IntExt.swift */ = {isa = PBXFileReference; lastKnownFileType = sourcecode.swift; path = IntExt.swift; sourceTree = "<group>"; };
		F38BBEB32330D8FC00A194AE /* StringExt.swift */ = {isa = PBXFileReference; lastKnownFileType = sourcecode.swift; path = StringExt.swift; sourceTree = "<group>"; };
		F38BBEB52330D90B00A194AE /* DateExt.swift */ = {isa = PBXFileReference; lastKnownFileType = sourcecode.swift; path = DateExt.swift; sourceTree = "<group>"; };
		F38BBEB72330D91500A194AE /* DataExt.swift */ = {isa = PBXFileReference; lastKnownFileType = sourcecode.swift; path = DataExt.swift; sourceTree = "<group>"; };
		F38BBEB92330D92100A194AE /* ArrayExt.swift */ = {isa = PBXFileReference; lastKnownFileType = sourcecode.swift; path = ArrayExt.swift; sourceTree = "<group>"; };
		F38BBEBB2330D93B00A194AE /* DictionaryExt.swift */ = {isa = PBXFileReference; lastKnownFileType = sourcecode.swift; path = DictionaryExt.swift; sourceTree = "<group>"; };
		F38BBEBF2330D95700A194AE /* BundleExt.swift */ = {isa = PBXFileReference; lastKnownFileType = sourcecode.swift; path = BundleExt.swift; sourceTree = "<group>"; };
		F38BBEC12330D96C00A194AE /* NSObjectExt.swift */ = {isa = PBXFileReference; lastKnownFileType = sourcecode.swift; path = NSObjectExt.swift; sourceTree = "<group>"; };
		F38BBEC52330D98800A194AE /* DispatchQueueExt.swift */ = {isa = PBXFileReference; lastKnownFileType = sourcecode.swift; path = DispatchQueueExt.swift; sourceTree = "<group>"; };
		F38BBEC72330D99700A194AE /* FileManagerExt.swift */ = {isa = PBXFileReference; lastKnownFileType = sourcecode.swift; path = FileManagerExt.swift; sourceTree = "<group>"; };
		F38BBECF2330DB9600A194AE /* Info.plist */ = {isa = PBXFileReference; fileEncoding = 4; lastKnownFileType = text.plist.xml; path = Info.plist; sourceTree = "<group>"; };
		F38BBED72330E0C500A194AE /* Network.swift */ = {isa = PBXFileReference; lastKnownFileType = sourcecode.swift; path = Network.swift; sourceTree = "<group>"; };
		F38BBED92330E0CE00A194AE /* Router.swift */ = {isa = PBXFileReference; lastKnownFileType = sourcecode.swift; path = Router.swift; sourceTree = "<group>"; };
		F38BBF0B2330E47400A194AE /* WebViewController.swift */ = {isa = PBXFileReference; lastKnownFileType = sourcecode.swift; path = WebViewController.swift; sourceTree = "<group>"; };
		F38BC0C12332367A00A194AE /* TimerExt.swift */ = {isa = PBXFileReference; lastKnownFileType = sourcecode.swift; path = TimerExt.swift; sourceTree = "<group>"; };
		F3BD3C64259573CB00321FEB /* PropertyWrapper.swift */ = {isa = PBXFileReference; lastKnownFileType = sourcecode.swift; path = PropertyWrapper.swift; sourceTree = "<group>"; };
		F3BD3C672595743800321FEB /* WaterFallFlowLayout.swift */ = {isa = PBXFileReference; lastKnownFileType = sourcecode.swift; path = WaterFallFlowLayout.swift; sourceTree = "<group>"; };
		F3BD3C6A2595744800321FEB /* CarouselFlowLayout.swift */ = {isa = PBXFileReference; lastKnownFileType = sourcecode.swift; path = CarouselFlowLayout.swift; sourceTree = "<group>"; };
		F3BD3D6225957C4100321FEB /* CLLocationManagerExt.swift */ = {isa = PBXFileReference; lastKnownFileType = sourcecode.swift; path = CLLocationManagerExt.swift; sourceTree = "<group>"; };
		F3BD3D6525957C7600321FEB /* NotificationNameExt.swift */ = {isa = PBXFileReference; lastKnownFileType = sourcecode.swift; path = NotificationNameExt.swift; sourceTree = "<group>"; };
		F3BD3D682595874300321FEB /* TextViewController.swift */ = {isa = PBXFileReference; lastKnownFileType = sourcecode.swift; path = TextViewController.swift; sourceTree = "<group>"; };
/* End PBXFileReference section */

/* Begin PBXFrameworksBuildPhase section */
		F3689C47230FD8D4005447BA /* Frameworks */ = {
			isa = PBXFrameworksBuildPhase;
			buildActionMask = 2147483647;
			files = (
				55AFFE4A88E71C388CDD6EE7 /* libPods-Tangram.a in Frameworks */,
			);
			runOnlyForDeploymentPostprocessing = 0;
		};
/* End PBXFrameworksBuildPhase section */

/* Begin PBXGroup section */
		948812CF545593C5B806AB81 /* Frameworks */ = {
			isa = PBXGroup;
			children = (
				6C30A44796B7699419F8E6F2 /* libPods-Tangram.a */,
			);
			name = Frameworks;
			sourceTree = "<group>";
		};
		ADDBA19E8B1D27D80C0BBE3A /* Pods */ = {
			isa = PBXGroup;
			children = (
				83A675B1E5F8973DC59A3696 /* Pods-Tangram.debug.xcconfig */,
				1171D6959A610F3CC694E034 /* Pods-Tangram.release.xcconfig */,
			);
			path = Pods;
			sourceTree = "<group>";
		};
		F316D9D02318CC8B0066FD90 /* Extension */ = {
			isa = PBXGroup;
			children = (
				F38BBE8E2330D05500A194AE /* UIKit */,
				F38BBE8D2330D04C00A194AE /* Foundation */,
			);
			path = Extension;
			sourceTree = "<group>";
		};
		F3689C41230FD8D4005447BA = {
			isa = PBXGroup;
			children = (
				F3689C4C230FD8D4005447BA /* Tangram */,
				F3689C4B230FD8D4005447BA /* Products */,
				ADDBA19E8B1D27D80C0BBE3A /* Pods */,
				948812CF545593C5B806AB81 /* Frameworks */,
			);
			sourceTree = "<group>";
		};
		F3689C4B230FD8D4005447BA /* Products */ = {
			isa = PBXGroup;
			children = (
				F3689C4A230FD8D4005447BA /* Tangram.app */,
			);
			name = Products;
			sourceTree = "<group>";
		};
		F3689C4C230FD8D4005447BA /* Tangram */ = {
			isa = PBXGroup;
			children = (
				F38570C22317DFC70043EBC2 /* Base */,
				F316D9D02318CC8B0066FD90 /* Extension */,
				F38BBED32330E07400A194AE /* Service */,
				F38BBED42330E08000A194AE /* Component */,
				F38571092318C6980043EBC2 /* Supporting Files */,
			);
			path = Tangram;
			sourceTree = "<group>";
		};
		F37457DE259971ED006D3DE2 /* Vendors */ = {
			isa = PBXGroup;
			children = (
				F3745A152599A873006D3DE2 /* SwiftyJSON.swift */,
				F37457E02599723A006D3DE2 /* RxKeyboard.swift */,
			);
			path = Vendors;
			sourceTree = "<group>";
		};
		F38570C22317DFC70043EBC2 /* Base */ = {
			isa = PBXGroup;
			children = (
				F38570C32317DFDF0043EBC2 /* App.swift */,
				F316D9CC2318CC0F0066FD90 /* Device.swift */,
				F3BD3C64259573CB00321FEB /* PropertyWrapper.swift */,
				F316D9CE2318CC7B0066FD90 /* UnknownCaseRepresentable.swift */,
				F3BD3C672595743800321FEB /* WaterFallFlowLayout.swift */,
				F3BD3C6A2595744800321FEB /* CarouselFlowLayout.swift */,
				F3393730238E689C00D76D4B /* MultipleLinesFlowLayout.swift */,
			);
			path = Base;
			sourceTree = "<group>";
		};
		F38571092318C6980043EBC2 /* Supporting Files */ = {
			isa = PBXGroup;
			children = (
				F3689C4D230FD8D4005447BA /* AppDelegate.swift */,
				F38571142318C7C70043EBC2 /* LaunchScreen.storyboard */,
				F385710A2318C7130043EBC2 /* R.generated.swift */,
				F38571122318C7620043EBC2 /* TangramX.podspec */,
				F385710F2318C7500043EBC2 /* README.md */,
				F385710C2318C7250043EBC2 /* Assets.xcassets */,
				F38BBECF2330DB9600A194AE /* Info.plist */,
			);
			name = "Supporting Files";
			sourceTree = "<group>";
		};
		F38BBE8D2330D04C00A194AE /* Foundation */ = {
			isa = PBXGroup;
			children = (
				F38BBEBF2330D95700A194AE /* BundleExt.swift */,
				F38BBEC12330D96C00A194AE /* NSObjectExt.swift */,
				F38BBEB12330D8F300A194AE /* IntExt.swift */,
				F38BBEB32330D8FC00A194AE /* StringExt.swift */,
				F38BBEB52330D90B00A194AE /* DateExt.swift */,
				F38BC0C12332367A00A194AE /* TimerExt.swift */,
				F33935C3238D1D7F00D76D4B /* EncodableExt.swift */,
				F38BBEB72330D91500A194AE /* DataExt.swift */,
				F38BBEB92330D92100A194AE /* ArrayExt.swift */,
				F38BBEBB2330D93B00A194AE /* DictionaryExt.swift */,
				F339344B2383EB5E00D76D4B /* UserDefaultsExt.swift */,
				F38BBEC52330D98800A194AE /* DispatchQueueExt.swift */,
				F3BD3D6525957C7600321FEB /* NotificationNameExt.swift */,
				F3BD3D6225957C4100321FEB /* CLLocationManagerExt.swift */,
				F38BBEC72330D99700A194AE /* FileManagerExt.swift */,
			);
			path = Foundation;
			sourceTree = "<group>";
		};
		F38BBE8E2330D05500A194AE /* UIKit */ = {
			isa = PBXGroup;
			children = (
				F38BBE8F2330D06A00A194AE /* UIViewExt.swift */,
				F38BBE912330D07400A194AE /* UIColorExt.swift */,
				F38BBE932330D08B00A194AE /* UITableViewExt.swift */,
				F38BBE952330D09C00A194AE /* UIImageExt.swift */,
				F38BBEAD2330D1E500A194AE /* UIWindowExt.swift */,
				F38BBE992330D0B100A194AE /* UILabelExt.swift */,
				F38BBE972330D0A800A194AE /* UIButtonExt.swift */,
				F38BBE9D2330D0E400A194AE /* UIImageViewExt.swift */,
				F38BBEA12330D16300A194AE /* UICollectionViewExt.swift */,
				F38BBEA32330D17400A194AE /* UITabBarItemExt.swift */,
				F38BBEA52330D18200A194AE /* UINavigationBarExt.swift */,
				F38BBEA72330D18E00A194AE /* UIViewControllerExt.swift */,
				F38BBEA92330D1AA00A194AE /* UINavigationControllerExt.swift */,
				F38BBEAB2330D1B700A194AE /* UITabBarControllerExt.swift */,
			);
			path = UIKit;
			sourceTree = "<group>";
		};
		F38BBED32330E07400A194AE /* Service */ = {
			isa = PBXGroup;
			children = (
				F38BBED92330E0CE00A194AE /* Router.swift */,
				F38BBED72330E0C500A194AE /* Network.swift */,
			);
			path = Service;
			sourceTree = "<group>";
		};
		F38BBED42330E08000A194AE /* Component */ = {
			isa = PBXGroup;
			children = (
				F38BBF122330E5C600A194AE /* PullToRefresh */,
				F38BBF2D2330E5CA00A194AE /* SegmentController */,
				F37457DE259971ED006D3DE2 /* Vendors */,
				F3393678238D2AB800D76D4B /* Alert.swift */,
				F339367A238D2ABE00D76D4B /* Toast.swift */,
				F339367C238D2AC700D76D4B /* ProgressHUD.swift */,
				F38571162318C8890043EBC2 /* CountDown.swift */,
				F3393684238E5B0200D76D4B /* DatePicker.swift */,
				F339367E238D2AD300D76D4B /* BannerView.swift */,
				F3393732238E7CFE00D76D4B /* TagListView.swift */,
				F3393686238E62D600D76D4B /* StepperView.swift */,
				F3393682238E569B00D76D4B /* PlaceHolderTextView.swift */,
				F3393680238D34BF00D76D4B /* TouchAreaLargenButton.swift */,
				F38BBF0B2330E47400A194AE /* WebViewController.swift */,
				F3BD3D682595874300321FEB /* TextViewController.swift */,
			);
			path = Component;
			sourceTree = "<group>";
		};
		F38BBF122330E5C600A194AE /* PullToRefresh */ = {
			isa = PBXGroup;
			children = (
				F339366A238D2A1600D76D4B /* UIScrollView+Refresh.swift */,
				F339366C238D2A1E00D76D4B /* PullToRefreshView.swift */,
				F339366E238D2A2A00D76D4B /* LoadMoreView.swift */,
				F3393670238D2A3500D76D4B /* RefreshView.swift */,
			);
			path = PullToRefresh;
			sourceTree = "<group>";
		};
		F38BBF2D2330E5CA00A194AE /* SegmentController */ = {
			isa = PBXGroup;
			children = (
				F3393672238D2A6A00D76D4B /* SegmentBar.swift */,
				F3393674238D2A7300D76D4B /* SegmentBarController.swift */,
				F3393676238D2A7E00D76D4B /* SegmentBarItemView.swift */,
			);
			path = SegmentController;
			sourceTree = "<group>";
		};
/* End PBXGroup section */

/* Begin PBXNativeTarget section */
		F3689C49230FD8D4005447BA /* Tangram */ = {
			isa = PBXNativeTarget;
			buildConfigurationList = F3689C5E230FD8D6005447BA /* Build configuration list for PBXNativeTarget "Tangram" */;
			buildPhases = (
				5B45E1C3B4D179B021D2BC3B /* [CP] Check Pods Manifest.lock */,
				F38570C52317E28A0043EBC2 /* R.swift */,
				F3689C46230FD8D4005447BA /* Sources */,
				F3689C47230FD8D4005447BA /* Frameworks */,
				F3689C48230FD8D4005447BA /* Resources */,
				F38570C62317E2DA0043EBC2 /* SwiftLint */,
			);
			buildRules = (
			);
			dependencies = (
			);
			name = Tangram;
			productName = Tangram;
			productReference = F3689C4A230FD8D4005447BA /* Tangram.app */;
			productType = "com.apple.product-type.application";
		};
/* End PBXNativeTarget section */

/* Begin PBXProject section */
		F3689C42230FD8D4005447BA /* Project object */ = {
			isa = PBXProject;
			attributes = {
				LastSwiftUpdateCheck = 1100;
				LastUpgradeCheck = 1210;
				ORGANIZATIONNAME = "李京城";
				TargetAttributes = {
					F3689C49230FD8D4005447BA = {
						CreatedOnToolsVersion = 11.0;
						LastSwiftMigration = 1100;
					};
				};
			};
			buildConfigurationList = F3689C45230FD8D4005447BA /* Build configuration list for PBXProject "Tangram" */;
			compatibilityVersion = "Xcode 9.3";
			developmentRegion = en;
			hasScannedForEncodings = 0;
			knownRegions = (
				en,
				Base,
			);
			mainGroup = F3689C41230FD8D4005447BA;
			productRefGroup = F3689C4B230FD8D4005447BA /* Products */;
			projectDirPath = "";
			projectRoot = "";
			targets = (
				F3689C49230FD8D4005447BA /* Tangram */,
			);
		};
/* End PBXProject section */

/* Begin PBXResourcesBuildPhase section */
		F3689C48230FD8D4005447BA /* Resources */ = {
			isa = PBXResourcesBuildPhase;
			buildActionMask = 2147483647;
			files = (
				F385710D2318C7250043EBC2 /* Assets.xcassets in Resources */,
				F38571112318C7500043EBC2 /* README.md in Resources */,
				F38571132318C7620043EBC2 /* TangramX.podspec in Resources */,
				F38571152318C7C70043EBC2 /* LaunchScreen.storyboard in Resources */,
			);
			runOnlyForDeploymentPostprocessing = 0;
		};
/* End PBXResourcesBuildPhase section */

/* Begin PBXShellScriptBuildPhase section */
		5B45E1C3B4D179B021D2BC3B /* [CP] Check Pods Manifest.lock */ = {
			isa = PBXShellScriptBuildPhase;
			buildActionMask = 2147483647;
			files = (
			);
			inputFileListPaths = (
			);
			inputPaths = (
				"${PODS_PODFILE_DIR_PATH}/Podfile.lock",
				"${PODS_ROOT}/Manifest.lock",
			);
			name = "[CP] Check Pods Manifest.lock";
			outputFileListPaths = (
			);
			outputPaths = (
				"$(DERIVED_FILE_DIR)/Pods-Tangram-checkManifestLockResult.txt",
			);
			runOnlyForDeploymentPostprocessing = 0;
			shellPath = /bin/sh;
			shellScript = "diff \"${PODS_PODFILE_DIR_PATH}/Podfile.lock\" \"${PODS_ROOT}/Manifest.lock\" > /dev/null\nif [ $? != 0 ] ; then\n    # print error to STDERR\n    echo \"error: The sandbox is not in sync with the Podfile.lock. Run 'pod install' or update your CocoaPods installation.\" >&2\n    exit 1\nfi\n# This output is used by Xcode 'outputs' to avoid re-running this script phase.\necho \"SUCCESS\" > \"${SCRIPT_OUTPUT_FILE_0}\"\n";
			showEnvVarsInLog = 0;
		};
		F38570C52317E28A0043EBC2 /* R.swift */ = {
			isa = PBXShellScriptBuildPhase;
			buildActionMask = 2147483647;
			files = (
			);
			inputFileListPaths = (
			);
			inputPaths = (
				"$TEMP_DIR/rswift-lastrun",
			);
			name = R.swift;
			outputFileListPaths = (
			);
			outputPaths = (
				$SRCROOT/R.generated.swift,
			);
			runOnlyForDeploymentPostprocessing = 0;
			shellPath = /bin/sh;
			shellScript = "\"$PODS_ROOT/R.swift/rswift\" generate \"$SRCROOT/R.generated.swift\"\nsed -i '' -e \"s/Bundle(for: R.Class.self)/Bundle.tangram/g\" \"$SRCROOT/R.generated.swift\"\n";
		};
		F38570C62317E2DA0043EBC2 /* SwiftLint */ = {
			isa = PBXShellScriptBuildPhase;
			buildActionMask = 2147483647;
			files = (
			);
			inputFileListPaths = (
			);
			inputPaths = (
			);
			name = SwiftLint;
			outputFileListPaths = (
			);
			outputPaths = (
			);
			runOnlyForDeploymentPostprocessing = 0;
			shellPath = /bin/sh;
			shellScript = "if [ \"${CONFIGURATION}\" == \"Debug\" ]; then\nif which swiftlint >/dev/null; then\n${PODS_ROOT}/SwiftLint/swiftlint\nswiftlint autocorrect\nelse\necho \"error: SwiftLint not installed, download from https://github.com/realm/SwiftLint\"\nexit 1\nfi\nfi\n";
		};
/* End PBXShellScriptBuildPhase section */

/* Begin PBXSourcesBuildPhase section */
		F3689C46230FD8D4005447BA /* Sources */ = {
			isa = PBXSourcesBuildPhase;
			buildActionMask = 2147483647;
			files = (
				F3745A162599A874006D3DE2 /* SwiftyJSON.swift in Sources */,
				F3393671238D2A3500D76D4B /* RefreshView.swift in Sources */,
				F339366F238D2A2A00D76D4B /* LoadMoreView.swift in Sources */,
				F38BBE902330D06A00A194AE /* UIViewExt.swift in Sources */,
				F3689C4E230FD8D4005447BA /* AppDelegate.swift in Sources */,
				F38BBEA42330D17400A194AE /* UITabBarItemExt.swift in Sources */,
				F316D9CF2318CC7B0066FD90 /* UnknownCaseRepresentable.swift in Sources */,
				F3393731238E689C00D76D4B /* MultipleLinesFlowLayout.swift in Sources */,
				F38BBE922330D07400A194AE /* UIColorExt.swift in Sources */,
				F3BD3C65259573CC00321FEB /* PropertyWrapper.swift in Sources */,
				F3BD3D6325957C4100321FEB /* CLLocationManagerExt.swift in Sources */,
				F33935C4238D1D7F00D76D4B /* EncodableExt.swift in Sources */,
				F38BBEBC2330D93B00A194AE /* DictionaryExt.swift in Sources */,
				F3393675238D2A7300D76D4B /* SegmentBarController.swift in Sources */,
				F38BBEAA2330D1AA00A194AE /* UINavigationControllerExt.swift in Sources */,
				F38BBEC82330D99700A194AE /* FileManagerExt.swift in Sources */,
				F38BBEA82330D18E00A194AE /* UIViewControllerExt.swift in Sources */,
				F3BD3C6B2595744800321FEB /* CarouselFlowLayout.swift in Sources */,
				F339344C2383EB5E00D76D4B /* UserDefaultsExt.swift in Sources */,
				F37457E42599723A006D3DE2 /* RxKeyboard.swift in Sources */,
				F3393673238D2A6A00D76D4B /* SegmentBar.swift in Sources */,
				F38BBE9A2330D0B200A194AE /* UILabelExt.swift in Sources */,
				F38BBF0C2330E47400A194AE /* WebViewController.swift in Sources */,
				F38BC0C22332367A00A194AE /* TimerExt.swift in Sources */,
				F339367F238D2AD300D76D4B /* BannerView.swift in Sources */,
				F38BBEB62330D90B00A194AE /* DateExt.swift in Sources */,
				F38570C42317DFDF0043EBC2 /* App.swift in Sources */,
				F339366B238D2A1600D76D4B /* UIScrollView+Refresh.swift in Sources */,
				F38BBEA62330D18200A194AE /* UINavigationBarExt.swift in Sources */,
				F38BBEB82330D91500A194AE /* DataExt.swift in Sources */,
				F38BBEB22330D8F300A194AE /* IntExt.swift in Sources */,
				F38BBEAE2330D1E500A194AE /* UIWindowExt.swift in Sources */,
				F3393681238D34BF00D76D4B /* TouchAreaLargenButton.swift in Sources */,
				F3BD3D6625957C7600321FEB /* NotificationNameExt.swift in Sources */,
				F38BBEBA2330D92100A194AE /* ArrayExt.swift in Sources */,
				F3393687238E62D600D76D4B /* StepperView.swift in Sources */,
				F3BD3D692595874300321FEB /* TextViewController.swift in Sources */,
				F38BBEC22330D96C00A194AE /* NSObjectExt.swift in Sources */,
				F339367B238D2ABE00D76D4B /* Toast.swift in Sources */,
				F38BBE962330D09C00A194AE /* UIImageExt.swift in Sources */,
				F339367D238D2AC700D76D4B /* ProgressHUD.swift in Sources */,
				F38BBEB42330D8FC00A194AE /* StringExt.swift in Sources */,
				F3393677238D2A7E00D76D4B /* SegmentBarItemView.swift in Sources */,
				F38BBE982330D0A800A194AE /* UIButtonExt.swift in Sources */,
				F38BBEC02330D95700A194AE /* BundleExt.swift in Sources */,
				F38BBED82330E0C500A194AE /* Network.swift in Sources */,
				F3BD3C682595743800321FEB /* WaterFallFlowLayout.swift in Sources */,
				F38BBEAC2330D1B700A194AE /* UITabBarControllerExt.swift in Sources */,
				F38BBE942330D08B00A194AE /* UITableViewExt.swift in Sources */,
				F339366D238D2A1E00D76D4B /* PullToRefreshView.swift in Sources */,
				F38BBEDA2330E0CE00A194AE /* Router.swift in Sources */,
				F3393733238E7CFE00D76D4B /* TagListView.swift in Sources */,
				F385710B2318C7130043EBC2 /* R.generated.swift in Sources */,
				F3393683238E569B00D76D4B /* PlaceHolderTextView.swift in Sources */,
				F3393685238E5B0200D76D4B /* DatePicker.swift in Sources */,
				F3393679238D2AB800D76D4B /* Alert.swift in Sources */,
				F38BBE9E2330D0E400A194AE /* UIImageViewExt.swift in Sources */,
				F316D9CD2318CC0F0066FD90 /* Device.swift in Sources */,
				F38BBEC62330D98800A194AE /* DispatchQueueExt.swift in Sources */,
				F38BBEA22330D16300A194AE /* UICollectionViewExt.swift in Sources */,
				F38571172318C8890043EBC2 /* CountDown.swift in Sources */,
			);
			runOnlyForDeploymentPostprocessing = 0;
		};
/* End PBXSourcesBuildPhase section */

/* Begin XCBuildConfiguration section */
		F3689C5C230FD8D6005447BA /* Debug */ = {
			isa = XCBuildConfiguration;
			buildSettings = {
				ALWAYS_SEARCH_USER_PATHS = NO;
				CLANG_ANALYZER_NONNULL = YES;
				CLANG_ANALYZER_NUMBER_OBJECT_CONVERSION = YES_AGGRESSIVE;
				CLANG_CXX_LANGUAGE_STANDARD = "gnu++14";
				CLANG_CXX_LIBRARY = "libc++";
				CLANG_ENABLE_MODULES = YES;
				CLANG_ENABLE_OBJC_ARC = YES;
				CLANG_ENABLE_OBJC_WEAK = YES;
				CLANG_WARN_BLOCK_CAPTURE_AUTORELEASING = YES;
				CLANG_WARN_BOOL_CONVERSION = YES;
				CLANG_WARN_COMMA = YES;
				CLANG_WARN_CONSTANT_CONVERSION = YES;
				CLANG_WARN_DEPRECATED_OBJC_IMPLEMENTATIONS = YES;
				CLANG_WARN_DIRECT_OBJC_ISA_USAGE = YES_ERROR;
				CLANG_WARN_DOCUMENTATION_COMMENTS = YES;
				CLANG_WARN_EMPTY_BODY = YES;
				CLANG_WARN_ENUM_CONVERSION = YES;
				CLANG_WARN_INFINITE_RECURSION = YES;
				CLANG_WARN_INT_CONVERSION = YES;
				CLANG_WARN_NON_LITERAL_NULL_CONVERSION = YES;
				CLANG_WARN_OBJC_IMPLICIT_RETAIN_SELF = YES;
				CLANG_WARN_OBJC_LITERAL_CONVERSION = YES;
				CLANG_WARN_OBJC_ROOT_CLASS = YES_ERROR;
				CLANG_WARN_QUOTED_INCLUDE_IN_FRAMEWORK_HEADER = YES;
				CLANG_WARN_RANGE_LOOP_ANALYSIS = YES;
				CLANG_WARN_STRICT_PROTOTYPES = YES;
				CLANG_WARN_SUSPICIOUS_MOVE = YES;
				CLANG_WARN_UNGUARDED_AVAILABILITY = YES_AGGRESSIVE;
				CLANG_WARN_UNREACHABLE_CODE = YES;
				CLANG_WARN__DUPLICATE_METHOD_MATCH = YES;
				COPY_PHASE_STRIP = NO;
				DEBUG_INFORMATION_FORMAT = dwarf;
				ENABLE_STRICT_OBJC_MSGSEND = YES;
				ENABLE_TESTABILITY = YES;
				GCC_C_LANGUAGE_STANDARD = gnu11;
				GCC_DYNAMIC_NO_PIC = NO;
				GCC_NO_COMMON_BLOCKS = YES;
				GCC_OPTIMIZATION_LEVEL = 0;
				GCC_PREPROCESSOR_DEFINITIONS = (
					"DEBUG=1",
					"$(inherited)",
				);
				GCC_WARN_64_TO_32_BIT_CONVERSION = YES;
				GCC_WARN_ABOUT_RETURN_TYPE = YES_ERROR;
				GCC_WARN_UNDECLARED_SELECTOR = YES;
				GCC_WARN_UNINITIALIZED_AUTOS = YES_AGGRESSIVE;
				GCC_WARN_UNUSED_FUNCTION = YES;
				GCC_WARN_UNUSED_VARIABLE = YES;
				IPHONEOS_DEPLOYMENT_TARGET = 13.0;
				MTL_ENABLE_DEBUG_INFO = INCLUDE_SOURCE;
				MTL_FAST_MATH = YES;
				ONLY_ACTIVE_ARCH = YES;
				SDKROOT = iphoneos;
				SWIFT_ACTIVE_COMPILATION_CONDITIONS = DEBUG;
				SWIFT_OPTIMIZATION_LEVEL = "-Onone";
			};
			name = Debug;
		};
		F3689C5D230FD8D6005447BA /* Release */ = {
			isa = XCBuildConfiguration;
			buildSettings = {
				ALWAYS_SEARCH_USER_PATHS = NO;
				CLANG_ANALYZER_NONNULL = YES;
				CLANG_ANALYZER_NUMBER_OBJECT_CONVERSION = YES_AGGRESSIVE;
				CLANG_CXX_LANGUAGE_STANDARD = "gnu++14";
				CLANG_CXX_LIBRARY = "libc++";
				CLANG_ENABLE_MODULES = YES;
				CLANG_ENABLE_OBJC_ARC = YES;
				CLANG_ENABLE_OBJC_WEAK = YES;
				CLANG_WARN_BLOCK_CAPTURE_AUTORELEASING = YES;
				CLANG_WARN_BOOL_CONVERSION = YES;
				CLANG_WARN_COMMA = YES;
				CLANG_WARN_CONSTANT_CONVERSION = YES;
				CLANG_WARN_DEPRECATED_OBJC_IMPLEMENTATIONS = YES;
				CLANG_WARN_DIRECT_OBJC_ISA_USAGE = YES_ERROR;
				CLANG_WARN_DOCUMENTATION_COMMENTS = YES;
				CLANG_WARN_EMPTY_BODY = YES;
				CLANG_WARN_ENUM_CONVERSION = YES;
				CLANG_WARN_INFINITE_RECURSION = YES;
				CLANG_WARN_INT_CONVERSION = YES;
				CLANG_WARN_NON_LITERAL_NULL_CONVERSION = YES;
				CLANG_WARN_OBJC_IMPLICIT_RETAIN_SELF = YES;
				CLANG_WARN_OBJC_LITERAL_CONVERSION = YES;
				CLANG_WARN_OBJC_ROOT_CLASS = YES_ERROR;
				CLANG_WARN_QUOTED_INCLUDE_IN_FRAMEWORK_HEADER = YES;
				CLANG_WARN_RANGE_LOOP_ANALYSIS = YES;
				CLANG_WARN_STRICT_PROTOTYPES = YES;
				CLANG_WARN_SUSPICIOUS_MOVE = YES;
				CLANG_WARN_UNGUARDED_AVAILABILITY = YES_AGGRESSIVE;
				CLANG_WARN_UNREACHABLE_CODE = YES;
				CLANG_WARN__DUPLICATE_METHOD_MATCH = YES;
				COPY_PHASE_STRIP = NO;
				DEBUG_INFORMATION_FORMAT = "dwarf-with-dsym";
				ENABLE_NS_ASSERTIONS = NO;
				ENABLE_STRICT_OBJC_MSGSEND = YES;
				GCC_C_LANGUAGE_STANDARD = gnu11;
				GCC_NO_COMMON_BLOCKS = YES;
				GCC_WARN_64_TO_32_BIT_CONVERSION = YES;
				GCC_WARN_ABOUT_RETURN_TYPE = YES_ERROR;
				GCC_WARN_UNDECLARED_SELECTOR = YES;
				GCC_WARN_UNINITIALIZED_AUTOS = YES_AGGRESSIVE;
				GCC_WARN_UNUSED_FUNCTION = YES;
				GCC_WARN_UNUSED_VARIABLE = YES;
				IPHONEOS_DEPLOYMENT_TARGET = 13.0;
				MTL_ENABLE_DEBUG_INFO = NO;
				MTL_FAST_MATH = YES;
				SDKROOT = iphoneos;
				SWIFT_COMPILATION_MODE = wholemodule;
				SWIFT_OPTIMIZATION_LEVEL = "-O";
				VALIDATE_PRODUCT = YES;
			};
			name = Release;
		};
		F3689C5F230FD8D6005447BA /* Debug */ = {
			isa = XCBuildConfiguration;
			baseConfigurationReference = 83A675B1E5F8973DC59A3696 /* Pods-Tangram.debug.xcconfig */;
			buildSettings = {
				ASSETCATALOG_COMPILER_APPICON_NAME = AppIcon;
				CLANG_ENABLE_MODULES = YES;
				CODE_SIGN_IDENTITY = "iPhone Developer";
				CODE_SIGN_STYLE = Manual;
				CURRENT_PROJECT_VERSION = 1;
				DEVELOPMENT_ASSET_PATHS = "";
				DEVELOPMENT_TEAM = 5NJQ6UMZKW;
				ENABLE_PREVIEWS = YES;
				INFOPLIST_FILE = Tangram/Info.plist;
				IPHONEOS_DEPLOYMENT_TARGET = 12.0;
				LD_RUNPATH_SEARCH_PATHS = (
					"$(inherited)",
					"@executable_path/Frameworks",
				);
				MARKETING_VERSION = 1.0.0;
				PRODUCT_BUNDLE_IDENTIFIER = com.ljc.tangram;
				PRODUCT_NAME = "$(TARGET_NAME)";
				PROVISIONING_PROFILE_SPECIFIER = "";
				SWIFT_OBJC_BRIDGING_HEADER = "";
				SWIFT_OPTIMIZATION_LEVEL = "-Onone";
				SWIFT_VERSION = 5.0;
				TARGETED_DEVICE_FAMILY = 1;
			};
			name = Debug;
		};
		F3689C60230FD8D6005447BA /* Release */ = {
			isa = XCBuildConfiguration;
			baseConfigurationReference = 1171D6959A610F3CC694E034 /* Pods-Tangram.release.xcconfig */;
			buildSettings = {
				ASSETCATALOG_COMPILER_APPICON_NAME = AppIcon;
				CLANG_ENABLE_MODULES = YES;
				CODE_SIGN_IDENTITY = "iPhone Developer";
				CODE_SIGN_STYLE = Manual;
				CURRENT_PROJECT_VERSION = 1;
				DEVELOPMENT_ASSET_PATHS = "";
				DEVELOPMENT_TEAM = 5NJQ6UMZKW;
				ENABLE_PREVIEWS = YES;
				INFOPLIST_FILE = Tangram/Info.plist;
				IPHONEOS_DEPLOYMENT_TARGET = 12.0;
				LD_RUNPATH_SEARCH_PATHS = (
					"$(inherited)",
					"@executable_path/Frameworks",
				);
				MARKETING_VERSION = 1.0.0;
				PRODUCT_BUNDLE_IDENTIFIER = com.ljc.tangram;
				PRODUCT_NAME = "$(TARGET_NAME)";
				PROVISIONING_PROFILE_SPECIFIER = "";
				SWIFT_OBJC_BRIDGING_HEADER = "";
				SWIFT_VERSION = 5.0;
				TARGETED_DEVICE_FAMILY = 1;
			};
			name = Release;
		};
/* End XCBuildConfiguration section */

/* Begin XCConfigurationList section */
		F3689C45230FD8D4005447BA /* Build configuration list for PBXProject "Tangram" */ = {
			isa = XCConfigurationList;
			buildConfigurations = (
				F3689C5C230FD8D6005447BA /* Debug */,
				F3689C5D230FD8D6005447BA /* Release */,
			);
			defaultConfigurationIsVisible = 0;
			defaultConfigurationName = Release;
		};
		F3689C5E230FD8D6005447BA /* Build configuration list for PBXNativeTarget "Tangram" */ = {
			isa = XCConfigurationList;
			buildConfigurations = (
				F3689C5F230FD8D6005447BA /* Debug */,
				F3689C60230FD8D6005447BA /* Release */,
			);
			defaultConfigurationIsVisible = 0;
			defaultConfigurationName = Release;
		};
/* End XCConfigurationList section */
	};
	rootObject = F3689C42230FD8D4005447BA /* Project object */;
}
