// !$*UTF8*$!
{
	archiveVersion = 1;
	classes = {
	};
	objectVersion = 56;
	objects = {

/* Begin PBXBuildFile section */
		154B3012FEB49029CBFD223D /* Pods_Tangram.framework in Frameworks */ = {isa = PBXBuildFile; fileRef = 65652BB581A203CEF3AD0FE4 /* Pods_Tangram.framework */; };
		F3E59A6E299249C3004EB0F5 /* AppDelegate.swift in Sources */ = {isa = PBXBuildFile; fileRef = F3E59A6D299249C3004EB0F5 /* AppDelegate.swift */; };
		F3E59A70299249C3004EB0F5 /* SceneDelegate.swift in Sources */ = {isa = PBXBuildFile; fileRef = F3E59A6F299249C3004EB0F5 /* SceneDelegate.swift */; };
		F3E59A72299249C3004EB0F5 /* ViewController.swift in Sources */ = {isa = PBXBuildFile; fileRef = F3E59A71299249C3004EB0F5 /* ViewController.swift */; };
		F3E59A75299249C3004EB0F5 /* Main.storyboard in Resources */ = {isa = PBXBuildFile; fileRef = F3E59A73299249C3004EB0F5 /* Main.storyboard */; };
		F3E59A77299249C6004EB0F5 /* Assets.xcassets in Resources */ = {isa = PBXBuildFile; fileRef = F3E59A76299249C6004EB0F5 /* Assets.xcassets */; };
		F3E59AF22993726C004EB0F5 /* SegmentControl.swift in Sources */ = {isa = PBXBuildFile; fileRef = F3E59AA22993726B004EB0F5 /* SegmentControl.swift */; };
		F3E59AF32993726D004EB0F5 /* CountDown.swift in Sources */ = {isa = PBXBuildFile; fileRef = F3E59AA32993726B004EB0F5 /* CountDown.swift */; };
		F3E59AF42993726D004EB0F5 /* BannerView.swift in Sources */ = {isa = PBXBuildFile; fileRef = F3E59AA42993726B004EB0F5 /* BannerView.swift */; };
		F3E59AF52993726D004EB0F5 /* Alert.swift in Sources */ = {isa = PBXBuildFile; fileRef = F3E59AA52993726B004EB0F5 /* Alert.swift */; };
		F3E59AF62993726D004EB0F5 /* DatePicker.swift in Sources */ = {isa = PBXBuildFile; fileRef = F3E59AA62993726B004EB0F5 /* DatePicker.swift */; };
		F3E59AF72993726D004EB0F5 /* StepperView.swift in Sources */ = {isa = PBXBuildFile; fileRef = F3E59AA72993726B004EB0F5 /* StepperView.swift */; };
		F3E59AF82993726D004EB0F5 /* ProgressView.swift in Sources */ = {isa = PBXBuildFile; fileRef = F3E59AA82993726B004EB0F5 /* ProgressView.swift */; };
		F3E59AF92993726D004EB0F5 /* PlaceHolderTextView.swift in Sources */ = {isa = PBXBuildFile; fileRef = F3E59AA92993726B004EB0F5 /* PlaceHolderTextView.swift */; };
		F3E59AFA2993726D004EB0F5 /* PageControl.swift in Sources */ = {isa = PBXBuildFile; fileRef = F3E59AAA2993726B004EB0F5 /* PageControl.swift */; };
		F3E59AFB2993726D004EB0F5 /* TextBannerView.swift in Sources */ = {isa = PBXBuildFile; fileRef = F3E59AAB2993726B004EB0F5 /* TextBannerView.swift */; };
		F3E59AFC2993726D004EB0F5 /* SegmentBar.swift in Sources */ = {isa = PBXBuildFile; fileRef = F3E59AAD2993726B004EB0F5 /* SegmentBar.swift */; };
		F3E59AFD2993726D004EB0F5 /* SegmentBarController.swift in Sources */ = {isa = PBXBuildFile; fileRef = F3E59AAE2993726B004EB0F5 /* SegmentBarController.swift */; };
		F3E59AFE2993726D004EB0F5 /* SegmentBarItemView.swift in Sources */ = {isa = PBXBuildFile; fileRef = F3E59AAF2993726B004EB0F5 /* SegmentBarItemView.swift */; };
		F3E59AFF2993726D004EB0F5 /* ProgressHUD.swift in Sources */ = {isa = PBXBuildFile; fileRef = F3E59AB02993726B004EB0F5 /* ProgressHUD.swift */; };
		F3E59B002993726D004EB0F5 /* TagListView.swift in Sources */ = {isa = PBXBuildFile; fileRef = F3E59AB12993726B004EB0F5 /* TagListView.swift */; };
		F3E59B012993726D004EB0F5 /* WebViewController.swift in Sources */ = {isa = PBXBuildFile; fileRef = F3E59AB22993726B004EB0F5 /* WebViewController.swift */; };
		F3E59B022993726D004EB0F5 /* TouchAreaLargenButton.swift in Sources */ = {isa = PBXBuildFile; fileRef = F3E59AB32993726B004EB0F5 /* TouchAreaLargenButton.swift */; };
		F3E59B032993726D004EB0F5 /* TextViewController.swift in Sources */ = {isa = PBXBuildFile; fileRef = F3E59AB82993726B004EB0F5 /* TextViewController.swift */; };
		F3E59B042993726D004EB0F5 /* CircleProgressView.swift in Sources */ = {isa = PBXBuildFile; fileRef = F3E59AB92993726B004EB0F5 /* CircleProgressView.swift */; };
		F3E59B052993726D004EB0F5 /* GuideViewController.swift in Sources */ = {isa = PBXBuildFile; fileRef = F3E59ABA2993726B004EB0F5 /* GuideViewController.swift */; };
		F3E59B062993726D004EB0F5 /* MenuView.swift in Sources */ = {isa = PBXBuildFile; fileRef = F3E59ABB2993726B004EB0F5 /* MenuView.swift */; };
		F3E59B072993726D004EB0F5 /* UIScrollView+Refresh.swift in Sources */ = {isa = PBXBuildFile; fileRef = F3E59ABD2993726B004EB0F5 /* UIScrollView+Refresh.swift */; };
		F3E59B082993726D004EB0F5 /* PullToRefreshView.swift in Sources */ = {isa = PBXBuildFile; fileRef = F3E59ABE2993726B004EB0F5 /* PullToRefreshView.swift */; };
		F3E59B092993726D004EB0F5 /* LoadMoreView.swift in Sources */ = {isa = PBXBuildFile; fileRef = F3E59ABF2993726B004EB0F5 /* LoadMoreView.swift */; };
		F3E59B0A2993726D004EB0F5 /* RefreshView.swift in Sources */ = {isa = PBXBuildFile; fileRef = F3E59AC02993726B004EB0F5 /* RefreshView.swift */; };
		F3E59B0B2993726D004EB0F5 /* Toast.swift in Sources */ = {isa = PBXBuildFile; fileRef = F3E59AC12993726B004EB0F5 /* Toast.swift */; };
		F3E59B0C2993726D004EB0F5 /* PropertyWrapper.swift in Sources */ = {isa = PBXBuildFile; fileRef = F3E59AC32993726C004EB0F5 /* PropertyWrapper.swift */; };
		F3E59B0D2993726D004EB0F5 /* BaseViewController.swift in Sources */ = {isa = PBXBuildFile; fileRef = F3E59AC42993726C004EB0F5 /* BaseViewController.swift */; };
		F3E59B0E2993726D004EB0F5 /* MultipleLinesFlowLayout.swift in Sources */ = {isa = PBXBuildFile; fileRef = F3E59AC52993726C004EB0F5 /* MultipleLinesFlowLayout.swift */; };
		F3E59B0F2993726D004EB0F5 /* BaseViewModel.swift in Sources */ = {isa = PBXBuildFile; fileRef = F3E59AC62993726C004EB0F5 /* BaseViewModel.swift */; };
		F3E59B102993726D004EB0F5 /* WaterFallFlowLayout.swift in Sources */ = {isa = PBXBuildFile; fileRef = F3E59AC72993726C004EB0F5 /* WaterFallFlowLayout.swift */; };
		F3E59B112993726D004EB0F5 /* UnknownCaseRepresentable.swift in Sources */ = {isa = PBXBuildFile; fileRef = F3E59AC82993726C004EB0F5 /* UnknownCaseRepresentable.swift */; };
		F3E59B122993726D004EB0F5 /* Device.swift in Sources */ = {isa = PBXBuildFile; fileRef = F3E59AC92993726C004EB0F5 /* Device.swift */; };
		F3E59B132993726D004EB0F5 /* CarouselFlowLayout.swift in Sources */ = {isa = PBXBuildFile; fileRef = F3E59ACA2993726C004EB0F5 /* CarouselFlowLayout.swift */; };
		F3E59B142993726D004EB0F5 /* App.swift in Sources */ = {isa = PBXBuildFile; fileRef = F3E59ACB2993726C004EB0F5 /* App.swift */; };
		F3E59B152993726D004EB0F5 /* UIWindowExt.swift in Sources */ = {isa = PBXBuildFile; fileRef = F3E59ACE2993726C004EB0F5 /* UIWindowExt.swift */; };
		F3E59B162993726D004EB0F5 /* UITableViewExt.swift in Sources */ = {isa = PBXBuildFile; fileRef = F3E59ACF2993726C004EB0F5 /* UITableViewExt.swift */; };
		F3E59B172993726D004EB0F5 /* UIColorExt.swift in Sources */ = {isa = PBXBuildFile; fileRef = F3E59AD02993726C004EB0F5 /* UIColorExt.swift */; };
		F3E59B182993726D004EB0F5 /* UINavigationControllerExt.swift in Sources */ = {isa = PBXBuildFile; fileRef = F3E59AD12993726C004EB0F5 /* UINavigationControllerExt.swift */; };
		F3E59B192993726D004EB0F5 /* UIButtonExt.swift in Sources */ = {isa = PBXBuildFile; fileRef = F3E59AD22993726C004EB0F5 /* UIButtonExt.swift */; };
		F3E59B1A2993726D004EB0F5 /* UIViewExt.swift in Sources */ = {isa = PBXBuildFile; fileRef = F3E59AD32993726C004EB0F5 /* UIViewExt.swift */; };
		F3E59B1B2993726D004EB0F5 /* UIViewControllerExt.swift in Sources */ = {isa = PBXBuildFile; fileRef = F3E59AD42993726C004EB0F5 /* UIViewControllerExt.swift */; };
		F3E59B1C2993726D004EB0F5 /* UICollectionViewExt.swift in Sources */ = {isa = PBXBuildFile; fileRef = F3E59AD52993726C004EB0F5 /* UICollectionViewExt.swift */; };
		F3E59B1D2993726D004EB0F5 /* UINavigationBarExt.swift in Sources */ = {isa = PBXBuildFile; fileRef = F3E59AD62993726C004EB0F5 /* UINavigationBarExt.swift */; };
		F3E59B1E2993726D004EB0F5 /* UIApplicationExt.swift in Sources */ = {isa = PBXBuildFile; fileRef = F3E59AD72993726C004EB0F5 /* UIApplicationExt.swift */; };
		F3E59B1F2993726D004EB0F5 /* UITabBarControllerExt.swift in Sources */ = {isa = PBXBuildFile; fileRef = F3E59AD82993726C004EB0F5 /* UITabBarControllerExt.swift */; };
		F3E59B202993726D004EB0F5 /* UIImageExt.swift in Sources */ = {isa = PBXBuildFile; fileRef = F3E59AD92993726C004EB0F5 /* UIImageExt.swift */; };
		F3E59B212993726D004EB0F5 /* UITabBarItemExt.swift in Sources */ = {isa = PBXBuildFile; fileRef = F3E59ADA2993726C004EB0F5 /* UITabBarItemExt.swift */; };
		F3E59B222993726D004EB0F5 /* UILabelExt.swift in Sources */ = {isa = PBXBuildFile; fileRef = F3E59ADB2993726C004EB0F5 /* UILabelExt.swift */; };
		F3E59B232993726D004EB0F5 /* UIImageViewExt.swift in Sources */ = {isa = PBXBuildFile; fileRef = F3E59ADC2993726C004EB0F5 /* UIImageViewExt.swift */; };
		F3E59B242993726D004EB0F5 /* DataExt.swift in Sources */ = {isa = PBXBuildFile; fileRef = F3E59ADE2993726C004EB0F5 /* DataExt.swift */; };
		F3E59B252993726D004EB0F5 /* StringExt.swift in Sources */ = {isa = PBXBuildFile; fileRef = F3E59ADF2993726C004EB0F5 /* StringExt.swift */; };
		F3E59B262993726D004EB0F5 /* DictionaryExt.swift in Sources */ = {isa = PBXBuildFile; fileRef = F3E59AE02993726C004EB0F5 /* DictionaryExt.swift */; };
		F3E59B272993726D004EB0F5 /* FileManagerExt.swift in Sources */ = {isa = PBXBuildFile; fileRef = F3E59AE12993726C004EB0F5 /* FileManagerExt.swift */; };
		F3E59B282993726D004EB0F5 /* BundleExt.swift in Sources */ = {isa = PBXBuildFile; fileRef = F3E59AE22993726C004EB0F5 /* BundleExt.swift */; };
		F3E59B292993726D004EB0F5 /* TimerExt.swift in Sources */ = {isa = PBXBuildFile; fileRef = F3E59AE32993726C004EB0F5 /* TimerExt.swift */; };
		F3E59B2A2993726D004EB0F5 /* NSObjectExt.swift in Sources */ = {isa = PBXBuildFile; fileRef = F3E59AE42993726C004EB0F5 /* NSObjectExt.swift */; };
		F3E59B2B2993726D004EB0F5 /* NotificationNameExt.swift in Sources */ = {isa = PBXBuildFile; fileRef = F3E59AE52993726C004EB0F5 /* NotificationNameExt.swift */; };
		F3E59B2C2993726D004EB0F5 /* ArrayExt.swift in Sources */ = {isa = PBXBuildFile; fileRef = F3E59AE62993726C004EB0F5 /* ArrayExt.swift */; };
		F3E59B2D2993726D004EB0F5 /* UserDefaultsExt.swift in Sources */ = {isa = PBXBuildFile; fileRef = F3E59AE72993726C004EB0F5 /* UserDefaultsExt.swift */; };
		F3E59B2E2993726D004EB0F5 /* CLLocationManagerExt.swift in Sources */ = {isa = PBXBuildFile; fileRef = F3E59AE82993726C004EB0F5 /* CLLocationManagerExt.swift */; };
		F3E59B2F2993726D004EB0F5 /* EncodableExt.swift in Sources */ = {isa = PBXBuildFile; fileRef = F3E59AE92993726C004EB0F5 /* EncodableExt.swift */; };
		F3E59B302993726D004EB0F5 /* DecodingContainerExt.swift in Sources */ = {isa = PBXBuildFile; fileRef = F3E59AEA2993726C004EB0F5 /* DecodingContainerExt.swift */; };
		F3E59B312993726D004EB0F5 /* IntExt.swift in Sources */ = {isa = PBXBuildFile; fileRef = F3E59AEB2993726C004EB0F5 /* IntExt.swift */; };
		F3E59B322993726D004EB0F5 /* DateExt.swift in Sources */ = {isa = PBXBuildFile; fileRef = F3E59AEC2993726C004EB0F5 /* DateExt.swift */; };
		F3E59B332993726D004EB0F5 /* DispatchQueueExt.swift in Sources */ = {isa = PBXBuildFile; fileRef = F3E59AED2993726C004EB0F5 /* DispatchQueueExt.swift */; };
		F3E59B342993726D004EB0F5 /* Location.swift in Sources */ = {isa = PBXBuildFile; fileRef = F3E59AEF2993726C004EB0F5 /* Location.swift */; };
		F3E59B352993726D004EB0F5 /* Network.swift in Sources */ = {isa = PBXBuildFile; fileRef = F3E59AF02993726C004EB0F5 /* Network.swift */; };
		F3E59B362993726D004EB0F5 /* Router.swift in Sources */ = {isa = PBXBuildFile; fileRef = F3E59AF12993726C004EB0F5 /* Router.swift */; };
		F3E721A1299A0FBC008B1F76 /* TangramX.podspec in Resources */ = {isa = PBXBuildFile; fileRef = F3E721A0299A0FBC008B1F76 /* TangramX.podspec */; };
		F3E721A6299A1037008B1F76 /* SwiftyJSON.swift in Sources */ = {isa = PBXBuildFile; fileRef = F3E721A5299A1037008B1F76 /* SwiftyJSON.swift */; };
		F3E722F1299B6A82008B1F76 /* MourningView.swift in Sources */ = {isa = PBXBuildFile; fileRef = F3E722F0299B6A82008B1F76 /* MourningView.swift */; };
/* End PBXBuildFile section */

/* Begin PBXFileReference section */
		65652BB581A203CEF3AD0FE4 /* Pods_Tangram.framework */ = {isa = PBXFileReference; explicitFileType = wrapper.framework; includeInIndex = 0; path = Pods_Tangram.framework; sourceTree = BUILT_PRODUCTS_DIR; };
		F3E59A6A299249C3004EB0F5 /* Tangram.app */ = {isa = PBXFileReference; explicitFileType = wrapper.application; includeInIndex = 0; path = Tangram.app; sourceTree = BUILT_PRODUCTS_DIR; };
		F3E59A6D299249C3004EB0F5 /* AppDelegate.swift */ = {isa = PBXFileReference; lastKnownFileType = sourcecode.swift; path = AppDelegate.swift; sourceTree = "<group>"; };
		F3E59A6F299249C3004EB0F5 /* SceneDelegate.swift */ = {isa = PBXFileReference; lastKnownFileType = sourcecode.swift; path = SceneDelegate.swift; sourceTree = "<group>"; };
		F3E59A71299249C3004EB0F5 /* ViewController.swift */ = {isa = PBXFileReference; lastKnownFileType = sourcecode.swift; path = ViewController.swift; sourceTree = "<group>"; };
		F3E59A74299249C3004EB0F5 /* Base */ = {isa = PBXFileReference; lastKnownFileType = file.storyboard; name = Base; path = Base.lproj/Main.storyboard; sourceTree = "<group>"; };
		F3E59A76299249C6004EB0F5 /* Assets.xcassets */ = {isa = PBXFileReference; lastKnownFileType = folder.assetcatalog; path = Assets.xcassets; sourceTree = "<group>"; };
		F3E59A7B299249C6004EB0F5 /* Info.plist */ = {isa = PBXFileReference; lastKnownFileType = text.plist.xml; path = Info.plist; sourceTree = "<group>"; };
		F3E59AA22993726B004EB0F5 /* SegmentControl.swift */ = {isa = PBXFileReference; fileEncoding = 4; lastKnownFileType = sourcecode.swift; path = SegmentControl.swift; sourceTree = "<group>"; };
		F3E59AA32993726B004EB0F5 /* CountDown.swift */ = {isa = PBXFileReference; fileEncoding = 4; lastKnownFileType = sourcecode.swift; path = CountDown.swift; sourceTree = "<group>"; };
		F3E59AA42993726B004EB0F5 /* BannerView.swift */ = {isa = PBXFileReference; fileEncoding = 4; lastKnownFileType = sourcecode.swift; path = BannerView.swift; sourceTree = "<group>"; };
		F3E59AA52993726B004EB0F5 /* Alert.swift */ = {isa = PBXFileReference; fileEncoding = 4; lastKnownFileType = sourcecode.swift; path = Alert.swift; sourceTree = "<group>"; };
		F3E59AA62993726B004EB0F5 /* DatePicker.swift */ = {isa = PBXFileReference; fileEncoding = 4; lastKnownFileType = sourcecode.swift; path = DatePicker.swift; sourceTree = "<group>"; };
		F3E59AA72993726B004EB0F5 /* StepperView.swift */ = {isa = PBXFileReference; fileEncoding = 4; lastKnownFileType = sourcecode.swift; path = StepperView.swift; sourceTree = "<group>"; };
		F3E59AA82993726B004EB0F5 /* ProgressView.swift */ = {isa = PBXFileReference; fileEncoding = 4; lastKnownFileType = sourcecode.swift; path = ProgressView.swift; sourceTree = "<group>"; };
		F3E59AA92993726B004EB0F5 /* PlaceHolderTextView.swift */ = {isa = PBXFileReference; fileEncoding = 4; lastKnownFileType = sourcecode.swift; path = PlaceHolderTextView.swift; sourceTree = "<group>"; };
		F3E59AAA2993726B004EB0F5 /* PageControl.swift */ = {isa = PBXFileReference; fileEncoding = 4; lastKnownFileType = sourcecode.swift; path = PageControl.swift; sourceTree = "<group>"; };
		F3E59AAB2993726B004EB0F5 /* TextBannerView.swift */ = {isa = PBXFileReference; fileEncoding = 4; lastKnownFileType = sourcecode.swift; path = TextBannerView.swift; sourceTree = "<group>"; };
		F3E59AAD2993726B004EB0F5 /* SegmentBar.swift */ = {isa = PBXFileReference; fileEncoding = 4; lastKnownFileType = sourcecode.swift; path = SegmentBar.swift; sourceTree = "<group>"; };
		F3E59AAE2993726B004EB0F5 /* SegmentBarController.swift */ = {isa = PBXFileReference; fileEncoding = 4; lastKnownFileType = sourcecode.swift; path = SegmentBarController.swift; sourceTree = "<group>"; };
		F3E59AAF2993726B004EB0F5 /* SegmentBarItemView.swift */ = {isa = PBXFileReference; fileEncoding = 4; lastKnownFileType = sourcecode.swift; path = SegmentBarItemView.swift; sourceTree = "<group>"; };
		F3E59AB02993726B004EB0F5 /* ProgressHUD.swift */ = {isa = PBXFileReference; fileEncoding = 4; lastKnownFileType = sourcecode.swift; path = ProgressHUD.swift; sourceTree = "<group>"; };
		F3E59AB12993726B004EB0F5 /* TagListView.swift */ = {isa = PBXFileReference; fileEncoding = 4; lastKnownFileType = sourcecode.swift; path = TagListView.swift; sourceTree = "<group>"; };
		F3E59AB22993726B004EB0F5 /* WebViewController.swift */ = {isa = PBXFileReference; fileEncoding = 4; lastKnownFileType = sourcecode.swift; path = WebViewController.swift; sourceTree = "<group>"; };
		F3E59AB32993726B004EB0F5 /* TouchAreaLargenButton.swift */ = {isa = PBXFileReference; fileEncoding = 4; lastKnownFileType = sourcecode.swift; path = TouchAreaLargenButton.swift; sourceTree = "<group>"; };
		F3E59AB82993726B004EB0F5 /* TextViewController.swift */ = {isa = PBXFileReference; fileEncoding = 4; lastKnownFileType = sourcecode.swift; path = TextViewController.swift; sourceTree = "<group>"; };
		F3E59AB92993726B004EB0F5 /* CircleProgressView.swift */ = {isa = PBXFileReference; fileEncoding = 4; lastKnownFileType = sourcecode.swift; path = CircleProgressView.swift; sourceTree = "<group>"; };
		F3E59ABA2993726B004EB0F5 /* GuideViewController.swift */ = {isa = PBXFileReference; fileEncoding = 4; lastKnownFileType = sourcecode.swift; path = GuideViewController.swift; sourceTree = "<group>"; };
		F3E59ABB2993726B004EB0F5 /* MenuView.swift */ = {isa = PBXFileReference; fileEncoding = 4; lastKnownFileType = sourcecode.swift; path = MenuView.swift; sourceTree = "<group>"; };
		F3E59ABD2993726B004EB0F5 /* UIScrollView+Refresh.swift */ = {isa = PBXFileReference; fileEncoding = 4; lastKnownFileType = sourcecode.swift; path = "UIScrollView+Refresh.swift"; sourceTree = "<group>"; };
		F3E59ABE2993726B004EB0F5 /* PullToRefreshView.swift */ = {isa = PBXFileReference; fileEncoding = 4; lastKnownFileType = sourcecode.swift; path = PullToRefreshView.swift; sourceTree = "<group>"; };
		F3E59ABF2993726B004EB0F5 /* LoadMoreView.swift */ = {isa = PBXFileReference; fileEncoding = 4; lastKnownFileType = sourcecode.swift; path = LoadMoreView.swift; sourceTree = "<group>"; };
		F3E59AC02993726B004EB0F5 /* RefreshView.swift */ = {isa = PBXFileReference; fileEncoding = 4; lastKnownFileType = sourcecode.swift; path = RefreshView.swift; sourceTree = "<group>"; };
		F3E59AC12993726B004EB0F5 /* Toast.swift */ = {isa = PBXFileReference; fileEncoding = 4; lastKnownFileType = sourcecode.swift; path = Toast.swift; sourceTree = "<group>"; };
		F3E59AC32993726C004EB0F5 /* PropertyWrapper.swift */ = {isa = PBXFileReference; fileEncoding = 4; lastKnownFileType = sourcecode.swift; path = PropertyWrapper.swift; sourceTree = "<group>"; };
		F3E59AC42993726C004EB0F5 /* BaseViewController.swift */ = {isa = PBXFileReference; fileEncoding = 4; lastKnownFileType = sourcecode.swift; path = BaseViewController.swift; sourceTree = "<group>"; };
		F3E59AC52993726C004EB0F5 /* MultipleLinesFlowLayout.swift */ = {isa = PBXFileReference; fileEncoding = 4; lastKnownFileType = sourcecode.swift; path = MultipleLinesFlowLayout.swift; sourceTree = "<group>"; };
		F3E59AC62993726C004EB0F5 /* BaseViewModel.swift */ = {isa = PBXFileReference; fileEncoding = 4; lastKnownFileType = sourcecode.swift; path = BaseViewModel.swift; sourceTree = "<group>"; };
		F3E59AC72993726C004EB0F5 /* WaterFallFlowLayout.swift */ = {isa = PBXFileReference; fileEncoding = 4; lastKnownFileType = sourcecode.swift; path = WaterFallFlowLayout.swift; sourceTree = "<group>"; };
		F3E59AC82993726C004EB0F5 /* UnknownCaseRepresentable.swift */ = {isa = PBXFileReference; fileEncoding = 4; lastKnownFileType = sourcecode.swift; path = UnknownCaseRepresentable.swift; sourceTree = "<group>"; };
		F3E59AC92993726C004EB0F5 /* Device.swift */ = {isa = PBXFileReference; fileEncoding = 4; lastKnownFileType = sourcecode.swift; path = Device.swift; sourceTree = "<group>"; };
		F3E59ACA2993726C004EB0F5 /* CarouselFlowLayout.swift */ = {isa = PBXFileReference; fileEncoding = 4; lastKnownFileType = sourcecode.swift; path = CarouselFlowLayout.swift; sourceTree = "<group>"; };
		F3E59ACB2993726C004EB0F5 /* App.swift */ = {isa = PBXFileReference; fileEncoding = 4; lastKnownFileType = sourcecode.swift; path = App.swift; sourceTree = "<group>"; };
		F3E59ACE2993726C004EB0F5 /* UIWindowExt.swift */ = {isa = PBXFileReference; fileEncoding = 4; lastKnownFileType = sourcecode.swift; path = UIWindowExt.swift; sourceTree = "<group>"; };
		F3E59ACF2993726C004EB0F5 /* UITableViewExt.swift */ = {isa = PBXFileReference; fileEncoding = 4; lastKnownFileType = sourcecode.swift; path = UITableViewExt.swift; sourceTree = "<group>"; };
		F3E59AD02993726C004EB0F5 /* UIColorExt.swift */ = {isa = PBXFileReference; fileEncoding = 4; lastKnownFileType = sourcecode.swift; path = UIColorExt.swift; sourceTree = "<group>"; };
		F3E59AD12993726C004EB0F5 /* UINavigationControllerExt.swift */ = {isa = PBXFileReference; fileEncoding = 4; lastKnownFileType = sourcecode.swift; path = UINavigationControllerExt.swift; sourceTree = "<group>"; };
		F3E59AD22993726C004EB0F5 /* UIButtonExt.swift */ = {isa = PBXFileReference; fileEncoding = 4; lastKnownFileType = sourcecode.swift; path = UIButtonExt.swift; sourceTree = "<group>"; };
		F3E59AD32993726C004EB0F5 /* UIViewExt.swift */ = {isa = PBXFileReference; fileEncoding = 4; lastKnownFileType = sourcecode.swift; path = UIViewExt.swift; sourceTree = "<group>"; };
		F3E59AD42993726C004EB0F5 /* UIViewControllerExt.swift */ = {isa = PBXFileReference; fileEncoding = 4; lastKnownFileType = sourcecode.swift; path = UIViewControllerExt.swift; sourceTree = "<group>"; };
		F3E59AD52993726C004EB0F5 /* UICollectionViewExt.swift */ = {isa = PBXFileReference; fileEncoding = 4; lastKnownFileType = sourcecode.swift; path = UICollectionViewExt.swift; sourceTree = "<group>"; };
		F3E59AD62993726C004EB0F5 /* UINavigationBarExt.swift */ = {isa = PBXFileReference; fileEncoding = 4; lastKnownFileType = sourcecode.swift; path = UINavigationBarExt.swift; sourceTree = "<group>"; };
		F3E59AD72993726C004EB0F5 /* UIApplicationExt.swift */ = {isa = PBXFileReference; fileEncoding = 4; lastKnownFileType = sourcecode.swift; path = UIApplicationExt.swift; sourceTree = "<group>"; };
		F3E59AD82993726C004EB0F5 /* UITabBarControllerExt.swift */ = {isa = PBXFileReference; fileEncoding = 4; lastKnownFileType = sourcecode.swift; path = UITabBarControllerExt.swift; sourceTree = "<group>"; };
		F3E59AD92993726C004EB0F5 /* UIImageExt.swift */ = {isa = PBXFileReference; fileEncoding = 4; lastKnownFileType = sourcecode.swift; path = UIImageExt.swift; sourceTree = "<group>"; };
		F3E59ADA2993726C004EB0F5 /* UITabBarItemExt.swift */ = {isa = PBXFileReference; fileEncoding = 4; lastKnownFileType = sourcecode.swift; path = UITabBarItemExt.swift; sourceTree = "<group>"; };
		F3E59ADB2993726C004EB0F5 /* UILabelExt.swift */ = {isa = PBXFileReference; fileEncoding = 4; lastKnownFileType = sourcecode.swift; path = UILabelExt.swift; sourceTree = "<group>"; };
		F3E59ADC2993726C004EB0F5 /* UIImageViewExt.swift */ = {isa = PBXFileReference; fileEncoding = 4; lastKnownFileType = sourcecode.swift; path = UIImageViewExt.swift; sourceTree = "<group>"; };
		F3E59ADE2993726C004EB0F5 /* DataExt.swift */ = {isa = PBXFileReference; fileEncoding = 4; lastKnownFileType = sourcecode.swift; path = DataExt.swift; sourceTree = "<group>"; };
		F3E59ADF2993726C004EB0F5 /* StringExt.swift */ = {isa = PBXFileReference; fileEncoding = 4; lastKnownFileType = sourcecode.swift; path = StringExt.swift; sourceTree = "<group>"; };
		F3E59AE02993726C004EB0F5 /* DictionaryExt.swift */ = {isa = PBXFileReference; fileEncoding = 4; lastKnownFileType = sourcecode.swift; path = DictionaryExt.swift; sourceTree = "<group>"; };
		F3E59AE12993726C004EB0F5 /* FileManagerExt.swift */ = {isa = PBXFileReference; fileEncoding = 4; lastKnownFileType = sourcecode.swift; path = FileManagerExt.swift; sourceTree = "<group>"; };
		F3E59AE22993726C004EB0F5 /* BundleExt.swift */ = {isa = PBXFileReference; fileEncoding = 4; lastKnownFileType = sourcecode.swift; path = BundleExt.swift; sourceTree = "<group>"; };
		F3E59AE32993726C004EB0F5 /* TimerExt.swift */ = {isa = PBXFileReference; fileEncoding = 4; lastKnownFileType = sourcecode.swift; path = TimerExt.swift; sourceTree = "<group>"; };
		F3E59AE42993726C004EB0F5 /* NSObjectExt.swift */ = {isa = PBXFileReference; fileEncoding = 4; lastKnownFileType = sourcecode.swift; path = NSObjectExt.swift; sourceTree = "<group>"; };
		F3E59AE52993726C004EB0F5 /* NotificationNameExt.swift */ = {isa = PBXFileReference; fileEncoding = 4; lastKnownFileType = sourcecode.swift; path = NotificationNameExt.swift; sourceTree = "<group>"; };
		F3E59AE62993726C004EB0F5 /* ArrayExt.swift */ = {isa = PBXFileReference; fileEncoding = 4; lastKnownFileType = sourcecode.swift; path = ArrayExt.swift; sourceTree = "<group>"; };
		F3E59AE72993726C004EB0F5 /* UserDefaultsExt.swift */ = {isa = PBXFileReference; fileEncoding = 4; lastKnownFileType = sourcecode.swift; path = UserDefaultsExt.swift; sourceTree = "<group>"; };
		F3E59AE82993726C004EB0F5 /* CLLocationManagerExt.swift */ = {isa = PBXFileReference; fileEncoding = 4; lastKnownFileType = sourcecode.swift; path = CLLocationManagerExt.swift; sourceTree = "<group>"; };
		F3E59AE92993726C004EB0F5 /* EncodableExt.swift */ = {isa = PBXFileReference; fileEncoding = 4; lastKnownFileType = sourcecode.swift; path = EncodableExt.swift; sourceTree = "<group>"; };
		F3E59AEA2993726C004EB0F5 /* DecodingContainerExt.swift */ = {isa = PBXFileReference; fileEncoding = 4; lastKnownFileType = sourcecode.swift; path = DecodingContainerExt.swift; sourceTree = "<group>"; };
		F3E59AEB2993726C004EB0F5 /* IntExt.swift */ = {isa = PBXFileReference; fileEncoding = 4; lastKnownFileType = sourcecode.swift; path = IntExt.swift; sourceTree = "<group>"; };
		F3E59AEC2993726C004EB0F5 /* DateExt.swift */ = {isa = PBXFileReference; fileEncoding = 4; lastKnownFileType = sourcecode.swift; path = DateExt.swift; sourceTree = "<group>"; };
		F3E59AED2993726C004EB0F5 /* DispatchQueueExt.swift */ = {isa = PBXFileReference; fileEncoding = 4; lastKnownFileType = sourcecode.swift; path = DispatchQueueExt.swift; sourceTree = "<group>"; };
		F3E59AEF2993726C004EB0F5 /* Location.swift */ = {isa = PBXFileReference; fileEncoding = 4; lastKnownFileType = sourcecode.swift; path = Location.swift; sourceTree = "<group>"; };
		F3E59AF02993726C004EB0F5 /* Network.swift */ = {isa = PBXFileReference; fileEncoding = 4; lastKnownFileType = sourcecode.swift; path = Network.swift; sourceTree = "<group>"; };
		F3E59AF12993726C004EB0F5 /* Router.swift */ = {isa = PBXFileReference; fileEncoding = 4; lastKnownFileType = sourcecode.swift; path = Router.swift; sourceTree = "<group>"; };
		F3E721A0299A0FBC008B1F76 /* TangramX.podspec */ = {isa = PBXFileReference; lastKnownFileType = text; path = TangramX.podspec; sourceTree = SOURCE_ROOT; };
		F3E721A5299A1037008B1F76 /* SwiftyJSON.swift */ = {isa = PBXFileReference; fileEncoding = 4; lastKnownFileType = sourcecode.swift; path = SwiftyJSON.swift; sourceTree = "<group>"; };
		F3E722F0299B6A82008B1F76 /* MourningView.swift */ = {isa = PBXFileReference; lastKnownFileType = sourcecode.swift; path = MourningView.swift; sourceTree = "<group>"; };
		F7164C331AC4CA987141E5C4 /* Pods-Tangram.debug.xcconfig */ = {isa = PBXFileReference; includeInIndex = 1; lastKnownFileType = text.xcconfig; name = "Pods-Tangram.debug.xcconfig"; path = "Target Support Files/Pods-Tangram/Pods-Tangram.debug.xcconfig"; sourceTree = "<group>"; };
		FE51EC9190DDA9E4C1B7925F /* Pods-Tangram.release.xcconfig */ = {isa = PBXFileReference; includeInIndex = 1; lastKnownFileType = text.xcconfig; name = "Pods-Tangram.release.xcconfig"; path = "Target Support Files/Pods-Tangram/Pods-Tangram.release.xcconfig"; sourceTree = "<group>"; };
/* End PBXFileReference section */

/* Begin PBXFrameworksBuildPhase section */
		F3E59A67299249C3004EB0F5 /* Frameworks */ = {
			isa = PBXFrameworksBuildPhase;
			buildActionMask = 2147483647;
			files = (
				154B3012FEB49029CBFD223D /* Pods_Tangram.framework in Frameworks */,
			);
			runOnlyForDeploymentPostprocessing = 0;
		};
/* End PBXFrameworksBuildPhase section */

/* Begin PBXGroup section */
		330538845058E950BBCBFFE2 /* Frameworks */ = {
			isa = PBXGroup;
			children = (
				65652BB581A203CEF3AD0FE4 /* Pods_Tangram.framework */,
			);
			name = Frameworks;
			sourceTree = "<group>";
		};
		4C28D8150075A5B4D12782C9 /* Pods */ = {
			isa = PBXGroup;
			children = (
				F7164C331AC4CA987141E5C4 /* Pods-Tangram.debug.xcconfig */,
				FE51EC9190DDA9E4C1B7925F /* Pods-Tangram.release.xcconfig */,
			);
			path = Pods;
			sourceTree = "<group>";
		};
		F3E59A61299249C3004EB0F5 = {
			isa = PBXGroup;
			children = (
				F3E59A6C299249C3004EB0F5 /* Tangram */,
				F3E59A6B299249C3004EB0F5 /* Products */,
				4C28D8150075A5B4D12782C9 /* Pods */,
				330538845058E950BBCBFFE2 /* Frameworks */,
			);
			sourceTree = "<group>";
		};
		F3E59A6B299249C3004EB0F5 /* Products */ = {
			isa = PBXGroup;
			children = (
				F3E59A6A299249C3004EB0F5 /* Tangram.app */,
			);
			name = Products;
			sourceTree = "<group>";
		};
		F3E59A6C299249C3004EB0F5 /* Tangram */ = {
			isa = PBXGroup;
			children = (
				F3E59AC22993726C004EB0F5 /* Base */,
				F3E59ACC2993726C004EB0F5 /* Extension */,
				F3E59AEE2993726C004EB0F5 /* Service */,
				F3E59AA12993726B004EB0F5 /* Component */,
				F3E59A6D299249C3004EB0F5 /* AppDelegate.swift */,
				F3E59A6F299249C3004EB0F5 /* SceneDelegate.swift */,
				F3E59A71299249C3004EB0F5 /* ViewController.swift */,
				F3E59A73299249C3004EB0F5 /* Main.storyboard */,
				F3E721A0299A0FBC008B1F76 /* TangramX.podspec */,
				F3E59A76299249C6004EB0F5 /* Assets.xcassets */,
				F3E59A7B299249C6004EB0F5 /* Info.plist */,
			);
			path = Tangram;
			sourceTree = "<group>";
		};
		F3E59AA12993726B004EB0F5 /* Component */ = {
			isa = PBXGroup;
			children = (
				F3E59ABC2993726B004EB0F5 /* PullToRefresh */,
				F3E59AAC2993726B004EB0F5 /* SegmentController */,
				F3E721A3299A1037008B1F76 /* Vendors */,
				F3E59AA42993726B004EB0F5 /* BannerView.swift */,
				F3E59AA32993726B004EB0F5 /* CountDown.swift */,
				F3E59AA52993726B004EB0F5 /* Alert.swift */,
				F3E59AA62993726B004EB0F5 /* DatePicker.swift */,
				F3E59AA72993726B004EB0F5 /* StepperView.swift */,
				F3E59AA82993726B004EB0F5 /* ProgressView.swift */,
				F3E59AA92993726B004EB0F5 /* PlaceHolderTextView.swift */,
				F3E59ABB2993726B004EB0F5 /* MenuView.swift */,
				F3E59AC12993726B004EB0F5 /* Toast.swift */,
				F3E59AA22993726B004EB0F5 /* SegmentControl.swift */,
				F3E59AAA2993726B004EB0F5 /* PageControl.swift */,
				F3E59AB92993726B004EB0F5 /* CircleProgressView.swift */,
				F3E59AAB2993726B004EB0F5 /* TextBannerView.swift */,
				F3E722F0299B6A82008B1F76 /* MourningView.swift */,
				F3E59AB02993726B004EB0F5 /* ProgressHUD.swift */,
				F3E59AB12993726B004EB0F5 /* TagListView.swift */,
				F3E59AB32993726B004EB0F5 /* TouchAreaLargenButton.swift */,
				F3E59AB82993726B004EB0F5 /* TextViewController.swift */,
				F3E59ABA2993726B004EB0F5 /* GuideViewController.swift */,
				F3E59AB22993726B004EB0F5 /* WebViewController.swift */,
			);
			path = Component;
			sourceTree = "<group>";
		};
		F3E59AAC2993726B004EB0F5 /* SegmentController */ = {
			isa = PBXGroup;
			children = (
				F3E59AAD2993726B004EB0F5 /* SegmentBar.swift */,
				F3E59AAE2993726B004EB0F5 /* SegmentBarController.swift */,
				F3E59AAF2993726B004EB0F5 /* SegmentBarItemView.swift */,
			);
			path = SegmentController;
			sourceTree = "<group>";
		};
		F3E59ABC2993726B004EB0F5 /* PullToRefresh */ = {
			isa = PBXGroup;
			children = (
				F3E59ABD2993726B004EB0F5 /* UIScrollView+Refresh.swift */,
				F3E59ABE2993726B004EB0F5 /* PullToRefreshView.swift */,
				F3E59ABF2993726B004EB0F5 /* LoadMoreView.swift */,
				F3E59AC02993726B004EB0F5 /* RefreshView.swift */,
			);
			path = PullToRefresh;
			sourceTree = "<group>";
		};
		F3E59AC22993726C004EB0F5 /* Base */ = {
			isa = PBXGroup;
			children = (
				F3E59ACB2993726C004EB0F5 /* App.swift */,
				F3E59AC92993726C004EB0F5 /* Device.swift */,
				F3E59AC32993726C004EB0F5 /* PropertyWrapper.swift */,
				F3E59AC82993726C004EB0F5 /* UnknownCaseRepresentable.swift */,
				F3E59AC62993726C004EB0F5 /* BaseViewModel.swift */,
				F3E59AC42993726C004EB0F5 /* BaseViewController.swift */,
				F3E59AC52993726C004EB0F5 /* MultipleLinesFlowLayout.swift */,
				F3E59AC72993726C004EB0F5 /* WaterFallFlowLayout.swift */,
				F3E59ACA2993726C004EB0F5 /* CarouselFlowLayout.swift */,
			);
			path = Base;
			sourceTree = "<group>";
		};
		F3E59ACC2993726C004EB0F5 /* Extension */ = {
			isa = PBXGroup;
			children = (
				F3E59ACD2993726C004EB0F5 /* UIKit */,
				F3E59ADD2993726C004EB0F5 /* Foundation */,
			);
			path = Extension;
			sourceTree = "<group>";
		};
		F3E59ACD2993726C004EB0F5 /* UIKit */ = {
			isa = PBXGroup;
			children = (
				F3E59ACE2993726C004EB0F5 /* UIWindowExt.swift */,
				F3E59ACF2993726C004EB0F5 /* UITableViewExt.swift */,
				F3E59AD02993726C004EB0F5 /* UIColorExt.swift */,
				F3E59AD12993726C004EB0F5 /* UINavigationControllerExt.swift */,
				F3E59AD22993726C004EB0F5 /* UIButtonExt.swift */,
				F3E59AD32993726C004EB0F5 /* UIViewExt.swift */,
				F3E59AD42993726C004EB0F5 /* UIViewControllerExt.swift */,
				F3E59AD52993726C004EB0F5 /* UICollectionViewExt.swift */,
				F3E59AD62993726C004EB0F5 /* UINavigationBarExt.swift */,
				F3E59AD72993726C004EB0F5 /* UIApplicationExt.swift */,
				F3E59AD82993726C004EB0F5 /* UITabBarControllerExt.swift */,
				F3E59AD92993726C004EB0F5 /* UIImageExt.swift */,
				F3E59ADA2993726C004EB0F5 /* UITabBarItemExt.swift */,
				F3E59ADB2993726C004EB0F5 /* UILabelExt.swift */,
				F3E59ADC2993726C004EB0F5 /* UIImageViewExt.swift */,
			);
			path = UIKit;
			sourceTree = "<group>";
		};
		F3E59ADD2993726C004EB0F5 /* Foundation */ = {
			isa = PBXGroup;
			children = (
				F3E59ADE2993726C004EB0F5 /* DataExt.swift */,
				F3E59ADF2993726C004EB0F5 /* StringExt.swift */,
				F3E59AE02993726C004EB0F5 /* DictionaryExt.swift */,
				F3E59AE12993726C004EB0F5 /* FileManagerExt.swift */,
				F3E59AE22993726C004EB0F5 /* BundleExt.swift */,
				F3E59AE32993726C004EB0F5 /* TimerExt.swift */,
				F3E59AE42993726C004EB0F5 /* NSObjectExt.swift */,
				F3E59AE52993726C004EB0F5 /* NotificationNameExt.swift */,
				F3E59AE62993726C004EB0F5 /* ArrayExt.swift */,
				F3E59AE72993726C004EB0F5 /* UserDefaultsExt.swift */,
				F3E59AE82993726C004EB0F5 /* CLLocationManagerExt.swift */,
				F3E59AE92993726C004EB0F5 /* EncodableExt.swift */,
				F3E59AEA2993726C004EB0F5 /* DecodingContainerExt.swift */,
				F3E59AEB2993726C004EB0F5 /* IntExt.swift */,
				F3E59AEC2993726C004EB0F5 /* DateExt.swift */,
				F3E59AED2993726C004EB0F5 /* DispatchQueueExt.swift */,
			);
			path = Foundation;
			sourceTree = "<group>";
		};
		F3E59AEE2993726C004EB0F5 /* Service */ = {
			isa = PBXGroup;
			children = (
				F3E59AF02993726C004EB0F5 /* Network.swift */,
				F3E59AF12993726C004EB0F5 /* Router.swift */,
				F3E59AEF2993726C004EB0F5 /* Location.swift */,
			);
			path = Service;
			sourceTree = "<group>";
		};
		F3E721A3299A1037008B1F76 /* Vendors */ = {
			isa = PBXGroup;
			children = (
				F3E721A4299A1037008B1F76 /* SwiftyJSON_5.0.1 */,
			);
			path = Vendors;
			sourceTree = "<group>";
		};
		F3E721A4299A1037008B1F76 /* SwiftyJSON_5.0.1 */ = {
			isa = PBXGroup;
			children = (
				F3E721A5299A1037008B1F76 /* SwiftyJSON.swift */,
			);
			path = SwiftyJSON_5.0.1;
			sourceTree = "<group>";
		};
/* End PBXGroup section */

/* Begin PBXNativeTarget section */
		F3E59A69299249C3004EB0F5 /* Tangram */ = {
			isa = PBXNativeTarget;
			buildConfigurationList = F3E59A7E299249C6004EB0F5 /* Build configuration list for PBXNativeTarget "Tangram" */;
			buildPhases = (
				E71DF6C948D16DCFDBC27E28 /* [CP] Check Pods Manifest.lock */,
				F3E59A66299249C3004EB0F5 /* Sources */,
				F3E59A67299249C3004EB0F5 /* Frameworks */,
				F3E59A68299249C3004EB0F5 /* Resources */,
				F3E59B382993730B004EB0F5 /* SwiftLint */,
			);
			buildRules = (
			);
			dependencies = (
			);
			name = Tangram;
			productName = Tangram;
			productReference = F3E59A6A299249C3004EB0F5 /* Tangram.app */;
			productType = "com.apple.product-type.application";
		};
/* End PBXNativeTarget section */

/* Begin PBXProject section */
		F3E59A62299249C3004EB0F5 /* Project object */ = {
			isa = PBXProject;
			attributes = {
				BuildIndependentTargetsInParallel = 1;
				LastSwiftUpdateCheck = 1420;
				LastUpgradeCheck = 1420;
				TargetAttributes = {
					F3E59A69299249C3004EB0F5 = {
						CreatedOnToolsVersion = 14.2;
					};
				};
			};
			buildConfigurationList = F3E59A65299249C3004EB0F5 /* Build configuration list for PBXProject "Tangram" */;
			compatibilityVersion = "Xcode 14.0";
			developmentRegion = en;
			hasScannedForEncodings = 0;
			knownRegions = (
				en,
				Base,
			);
			mainGroup = F3E59A61299249C3004EB0F5;
			productRefGroup = F3E59A6B299249C3004EB0F5 /* Products */;
			projectDirPath = "";
			projectRoot = "";
			targets = (
				F3E59A69299249C3004EB0F5 /* Tangram */,
			);
		};
/* End PBXProject section */

/* Begin PBXResourcesBuildPhase section */
		F3E59A68299249C3004EB0F5 /* Resources */ = {
			isa = PBXResourcesBuildPhase;
			buildActionMask = 2147483647;
			files = (
				F3E721A1299A0FBC008B1F76 /* TangramX.podspec in Resources */,
				F3E59A77299249C6004EB0F5 /* Assets.xcassets in Resources */,
				F3E59A75299249C3004EB0F5 /* Main.storyboard in Resources */,
			);
			runOnlyForDeploymentPostprocessing = 0;
		};
/* End PBXResourcesBuildPhase section */

/* Begin PBXShellScriptBuildPhase section */
		E71DF6C948D16DCFDBC27E28 /* [CP] Check Pods Manifest.lock */ = {
			isa = PBXShellScriptBuildPhase;
			buildActionMask = 2147483647;
			files = (
			);
			inputFileListPaths = (
			);
			inputPaths = (
				"${PODS_PODFILE_DIR_PATH}/Podfile.lock",
				"${PODS_ROOT}/Manifest.lock",
			);
			name = "[CP] Check Pods Manifest.lock";
			outputFileListPaths = (
			);
			outputPaths = (
				"$(DERIVED_FILE_DIR)/Pods-Tangram-checkManifestLockResult.txt",
			);
			runOnlyForDeploymentPostprocessing = 0;
			shellPath = /bin/sh;
			shellScript = "diff \"${PODS_PODFILE_DIR_PATH}/Podfile.lock\" \"${PODS_ROOT}/Manifest.lock\" > /dev/null\nif [ $? != 0 ] ; then\n    # print error to STDERR\n    echo \"error: The sandbox is not in sync with the Podfile.lock. Run 'pod install' or update your CocoaPods installation.\" >&2\n    exit 1\nfi\n# This output is used by Xcode 'outputs' to avoid re-running this script phase.\necho \"SUCCESS\" > \"${SCRIPT_OUTPUT_FILE_0}\"\n";
			showEnvVarsInLog = 0;
		};
		F3E59B382993730B004EB0F5 /* SwiftLint */ = {
			isa = PBXShellScriptBuildPhase;
			alwaysOutOfDate = 1;
			buildActionMask = 2147483647;
			files = (
			);
			inputFileListPaths = (
			);
			inputPaths = (
			);
			name = SwiftLint;
			outputFileListPaths = (
			);
			outputPaths = (
			);
			runOnlyForDeploymentPostprocessing = 0;
			shellPath = /bin/sh;
			shellScript = "if which swiftlint >/dev/null; then\n    ${PODS_ROOT}/SwiftLint/swiftlint\n    swiftlint autocorrect\nelse\n    echo \"error: SwiftLint not installed.\"\n    exit 1\nfi\n";
		};
/* End PBXShellScriptBuildPhase section */

/* Begin PBXSourcesBuildPhase section */
		F3E59A66299249C3004EB0F5 /* Sources */ = {
			isa = PBXSourcesBuildPhase;
			buildActionMask = 2147483647;
			files = (
				F3E59B012993726D004EB0F5 /* WebViewController.swift in Sources */,
				F3E59B072993726D004EB0F5 /* UIScrollView+Refresh.swift in Sources */,
				F3E59B0C2993726D004EB0F5 /* PropertyWrapper.swift in Sources */,
				F3E721A6299A1037008B1F76 /* SwiftyJSON.swift in Sources */,
				F3E59B142993726D004EB0F5 /* App.swift in Sources */,
				F3E59B122993726D004EB0F5 /* Device.swift in Sources */,
				F3E59B262993726D004EB0F5 /* DictionaryExt.swift in Sources */,
				F3E59B302993726D004EB0F5 /* DecodingContainerExt.swift in Sources */,
				F3E59B2B2993726D004EB0F5 /* NotificationNameExt.swift in Sources */,
				F3E59B062993726D004EB0F5 /* MenuView.swift in Sources */,
				F3E59B352993726D004EB0F5 /* Network.swift in Sources */,
				F3E59B0D2993726D004EB0F5 /* BaseViewController.swift in Sources */,
				F3E59A72299249C3004EB0F5 /* ViewController.swift in Sources */,
				F3E59B282993726D004EB0F5 /* BundleExt.swift in Sources */,
				F3E59B152993726D004EB0F5 /* UIWindowExt.swift in Sources */,
				F3E59B082993726D004EB0F5 /* PullToRefreshView.swift in Sources */,
				F3E59A6E299249C3004EB0F5 /* AppDelegate.swift in Sources */,
				F3E59AFB2993726D004EB0F5 /* TextBannerView.swift in Sources */,
				F3E59B1F2993726D004EB0F5 /* UITabBarControllerExt.swift in Sources */,
				F3E59AFA2993726D004EB0F5 /* PageControl.swift in Sources */,
				F3E59B052993726D004EB0F5 /* GuideViewController.swift in Sources */,
				F3E59B092993726D004EB0F5 /* LoadMoreView.swift in Sources */,
				F3E59B032993726D004EB0F5 /* TextViewController.swift in Sources */,
				F3E59B1A2993726D004EB0F5 /* UIViewExt.swift in Sources */,
				F3E59B2D2993726D004EB0F5 /* UserDefaultsExt.swift in Sources */,
				F3E59AF42993726D004EB0F5 /* BannerView.swift in Sources */,
				F3E59B2A2993726D004EB0F5 /* NSObjectExt.swift in Sources */,
				F3E59B162993726D004EB0F5 /* UITableViewExt.swift in Sources */,
				F3E59AFE2993726D004EB0F5 /* SegmentBarItemView.swift in Sources */,
				F3E59B322993726D004EB0F5 /* DateExt.swift in Sources */,
				F3E59B292993726D004EB0F5 /* TimerExt.swift in Sources */,
				F3E59B272993726D004EB0F5 /* FileManagerExt.swift in Sources */,
				F3E59B1B2993726D004EB0F5 /* UIViewControllerExt.swift in Sources */,
				F3E59B192993726D004EB0F5 /* UIButtonExt.swift in Sources */,
				F3E59B332993726D004EB0F5 /* DispatchQueueExt.swift in Sources */,
				F3E59AFF2993726D004EB0F5 /* ProgressHUD.swift in Sources */,
				F3E59B212993726D004EB0F5 /* UITabBarItemExt.swift in Sources */,
				F3E722F1299B6A82008B1F76 /* MourningView.swift in Sources */,
				F3E59B102993726D004EB0F5 /* WaterFallFlowLayout.swift in Sources */,
				F3E59B222993726D004EB0F5 /* UILabelExt.swift in Sources */,
				F3E59B2C2993726D004EB0F5 /* ArrayExt.swift in Sources */,
				F3E59B0A2993726D004EB0F5 /* RefreshView.swift in Sources */,
				F3E59B362993726D004EB0F5 /* Router.swift in Sources */,
				F3E59B2F2993726D004EB0F5 /* EncodableExt.swift in Sources */,
				F3E59B002993726D004EB0F5 /* TagListView.swift in Sources */,
				F3E59AF32993726D004EB0F5 /* CountDown.swift in Sources */,
				F3E59B1D2993726D004EB0F5 /* UINavigationBarExt.swift in Sources */,
				F3E59B242993726D004EB0F5 /* DataExt.swift in Sources */,
				F3E59AF72993726D004EB0F5 /* StepperView.swift in Sources */,
				F3E59B2E2993726D004EB0F5 /* CLLocationManagerExt.swift in Sources */,
				F3E59B022993726D004EB0F5 /* TouchAreaLargenButton.swift in Sources */,
				F3E59B252993726D004EB0F5 /* StringExt.swift in Sources */,
				F3E59B0E2993726D004EB0F5 /* MultipleLinesFlowLayout.swift in Sources */,
				F3E59B1C2993726D004EB0F5 /* UICollectionViewExt.swift in Sources */,
				F3E59B042993726D004EB0F5 /* CircleProgressView.swift in Sources */,
				F3E59B0F2993726D004EB0F5 /* BaseViewModel.swift in Sources */,
				F3E59B202993726D004EB0F5 /* UIImageExt.swift in Sources */,
				F3E59A70299249C3004EB0F5 /* SceneDelegate.swift in Sources */,
				F3E59B312993726D004EB0F5 /* IntExt.swift in Sources */,
				F3E59AFD2993726D004EB0F5 /* SegmentBarController.swift in Sources */,
				F3E59B1E2993726D004EB0F5 /* UIApplicationExt.swift in Sources */,
				F3E59B0B2993726D004EB0F5 /* Toast.swift in Sources */,
				F3E59B172993726D004EB0F5 /* UIColorExt.swift in Sources */,
				F3E59B132993726D004EB0F5 /* CarouselFlowLayout.swift in Sources */,
				F3E59B232993726D004EB0F5 /* UIImageViewExt.swift in Sources */,
				F3E59AF22993726C004EB0F5 /* SegmentControl.swift in Sources */,
				F3E59B342993726D004EB0F5 /* Location.swift in Sources */,
				F3E59AF82993726D004EB0F5 /* ProgressView.swift in Sources */,
				F3E59AF52993726D004EB0F5 /* Alert.swift in Sources */,
				F3E59AFC2993726D004EB0F5 /* SegmentBar.swift in Sources */,
				F3E59AF62993726D004EB0F5 /* DatePicker.swift in Sources */,
				F3E59B182993726D004EB0F5 /* UINavigationControllerExt.swift in Sources */,
				F3E59B112993726D004EB0F5 /* UnknownCaseRepresentable.swift in Sources */,
				F3E59AF92993726D004EB0F5 /* PlaceHolderTextView.swift in Sources */,
			);
			runOnlyForDeploymentPostprocessing = 0;
		};
/* End PBXSourcesBuildPhase section */

/* Begin PBXVariantGroup section */
		F3E59A73299249C3004EB0F5 /* Main.storyboard */ = {
			isa = PBXVariantGroup;
			children = (
				F3E59A74299249C3004EB0F5 /* Base */,
			);
			name = Main.storyboard;
			sourceTree = "<group>";
		};
/* End PBXVariantGroup section */

/* Begin XCBuildConfiguration section */
		F3E59A7C299249C6004EB0F5 /* Debug */ = {
			isa = XCBuildConfiguration;
			buildSettings = {
				ALWAYS_SEARCH_USER_PATHS = NO;
				CLANG_ANALYZER_NONNULL = YES;
				CLANG_ANALYZER_NUMBER_OBJECT_CONVERSION = YES_AGGRESSIVE;
				CLANG_CXX_LANGUAGE_STANDARD = "gnu++20";
				CLANG_ENABLE_MODULES = YES;
				CLANG_ENABLE_OBJC_ARC = YES;
				CLANG_ENABLE_OBJC_WEAK = YES;
				CLANG_WARN_BLOCK_CAPTURE_AUTORELEASING = YES;
				CLANG_WARN_BOOL_CONVERSION = YES;
				CLANG_WARN_COMMA = YES;
				CLANG_WARN_CONSTANT_CONVERSION = YES;
				CLANG_WARN_DEPRECATED_OBJC_IMPLEMENTATIONS = YES;
				CLANG_WARN_DIRECT_OBJC_ISA_USAGE = YES_ERROR;
				CLANG_WARN_DOCUMENTATION_COMMENTS = YES;
				CLANG_WARN_EMPTY_BODY = YES;
				CLANG_WARN_ENUM_CONVERSION = YES;
				CLANG_WARN_INFINITE_RECURSION = YES;
				CLANG_WARN_INT_CONVERSION = YES;
				CLANG_WARN_NON_LITERAL_NULL_CONVERSION = YES;
				CLANG_WARN_OBJC_IMPLICIT_RETAIN_SELF = YES;
				CLANG_WARN_OBJC_LITERAL_CONVERSION = YES;
				CLANG_WARN_OBJC_ROOT_CLASS = YES_ERROR;
				CLANG_WARN_QUOTED_INCLUDE_IN_FRAMEWORK_HEADER = YES;
				CLANG_WARN_RANGE_LOOP_ANALYSIS = YES;
				CLANG_WARN_STRICT_PROTOTYPES = YES;
				CLANG_WARN_SUSPICIOUS_MOVE = YES;
				CLANG_WARN_UNGUARDED_AVAILABILITY = YES_AGGRESSIVE;
				CLANG_WARN_UNREACHABLE_CODE = YES;
				CLANG_WARN__DUPLICATE_METHOD_MATCH = YES;
				COPY_PHASE_STRIP = NO;
				DEBUG_INFORMATION_FORMAT = dwarf;
				ENABLE_STRICT_OBJC_MSGSEND = YES;
				ENABLE_TESTABILITY = YES;
				GCC_C_LANGUAGE_STANDARD = gnu11;
				GCC_DYNAMIC_NO_PIC = NO;
				GCC_NO_COMMON_BLOCKS = YES;
				GCC_OPTIMIZATION_LEVEL = 0;
				GCC_PREPROCESSOR_DEFINITIONS = (
					"DEBUG=1",
					"$(inherited)",
				);
				GCC_WARN_64_TO_32_BIT_CONVERSION = YES;
				GCC_WARN_ABOUT_RETURN_TYPE = YES_ERROR;
				GCC_WARN_UNDECLARED_SELECTOR = YES;
				GCC_WARN_UNINITIALIZED_AUTOS = YES_AGGRESSIVE;
				GCC_WARN_UNUSED_FUNCTION = YES;
				GCC_WARN_UNUSED_VARIABLE = YES;
				IPHONEOS_DEPLOYMENT_TARGET = 16.2;
				MTL_ENABLE_DEBUG_INFO = INCLUDE_SOURCE;
				MTL_FAST_MATH = YES;
				ONLY_ACTIVE_ARCH = YES;
				SDKROOT = iphoneos;
				SWIFT_ACTIVE_COMPILATION_CONDITIONS = DEBUG;
				SWIFT_OPTIMIZATION_LEVEL = "-Onone";
			};
			name = Debug;
		};
		F3E59A7D299249C6004EB0F5 /* Release */ = {
			isa = XCBuildConfiguration;
			buildSettings = {
				ALWAYS_SEARCH_USER_PATHS = NO;
				CLANG_ANALYZER_NONNULL = YES;
				CLANG_ANALYZER_NUMBER_OBJECT_CONVERSION = YES_AGGRESSIVE;
				CLANG_CXX_LANGUAGE_STANDARD = "gnu++20";
				CLANG_ENABLE_MODULES = YES;
				CLANG_ENABLE_OBJC_ARC = YES;
				CLANG_ENABLE_OBJC_WEAK = YES;
				CLANG_WARN_BLOCK_CAPTURE_AUTORELEASING = YES;
				CLANG_WARN_BOOL_CONVERSION = YES;
				CLANG_WARN_COMMA = YES;
				CLANG_WARN_CONSTANT_CONVERSION = YES;
				CLANG_WARN_DEPRECATED_OBJC_IMPLEMENTATIONS = YES;
				CLANG_WARN_DIRECT_OBJC_ISA_USAGE = YES_ERROR;
				CLANG_WARN_DOCUMENTATION_COMMENTS = YES;
				CLANG_WARN_EMPTY_BODY = YES;
				CLANG_WARN_ENUM_CONVERSION = YES;
				CLANG_WARN_INFINITE_RECURSION = YES;
				CLANG_WARN_INT_CONVERSION = YES;
				CLANG_WARN_NON_LITERAL_NULL_CONVERSION = YES;
				CLANG_WARN_OBJC_IMPLICIT_RETAIN_SELF = YES;
				CLANG_WARN_OBJC_LITERAL_CONVERSION = YES;
				CLANG_WARN_OBJC_ROOT_CLASS = YES_ERROR;
				CLANG_WARN_QUOTED_INCLUDE_IN_FRAMEWORK_HEADER = YES;
				CLANG_WARN_RANGE_LOOP_ANALYSIS = YES;
				CLANG_WARN_STRICT_PROTOTYPES = YES;
				CLANG_WARN_SUSPICIOUS_MOVE = YES;
				CLANG_WARN_UNGUARDED_AVAILABILITY = YES_AGGRESSIVE;
				CLANG_WARN_UNREACHABLE_CODE = YES;
				CLANG_WARN__DUPLICATE_METHOD_MATCH = YES;
				COPY_PHASE_STRIP = NO;
				DEBUG_INFORMATION_FORMAT = "dwarf-with-dsym";
				ENABLE_NS_ASSERTIONS = NO;
				ENABLE_STRICT_OBJC_MSGSEND = YES;
				GCC_C_LANGUAGE_STANDARD = gnu11;
				GCC_NO_COMMON_BLOCKS = YES;
				GCC_WARN_64_TO_32_BIT_CONVERSION = YES;
				GCC_WARN_ABOUT_RETURN_TYPE = YES_ERROR;
				GCC_WARN_UNDECLARED_SELECTOR = YES;
				GCC_WARN_UNINITIALIZED_AUTOS = YES_AGGRESSIVE;
				GCC_WARN_UNUSED_FUNCTION = YES;
				GCC_WARN_UNUSED_VARIABLE = YES;
				IPHONEOS_DEPLOYMENT_TARGET = 16.2;
				MTL_ENABLE_DEBUG_INFO = NO;
				MTL_FAST_MATH = YES;
				SDKROOT = iphoneos;
				SWIFT_COMPILATION_MODE = wholemodule;
				SWIFT_OPTIMIZATION_LEVEL = "-O";
				VALIDATE_PRODUCT = YES;
			};
			name = Release;
		};
		F3E59A7F299249C6004EB0F5 /* Debug */ = {
			isa = XCBuildConfiguration;
			baseConfigurationReference = F7164C331AC4CA987141E5C4 /* Pods-Tangram.debug.xcconfig */;
			buildSettings = {
				ASSETCATALOG_COMPILER_APPICON_NAME = AppIcon;
				CODE_SIGN_STYLE = Automatic;
				CURRENT_PROJECT_VERSION = 1;
				GENERATE_INFOPLIST_FILE = YES;
				INFOPLIST_FILE = Tangram/Info.plist;
				INFOPLIST_KEY_UIApplicationSupportsIndirectInputEvents = YES;
				INFOPLIST_KEY_UILaunchStoryboardName = "";
				INFOPLIST_KEY_UIMainStoryboardFile = Main;
				INFOPLIST_KEY_UISupportedInterfaceOrientations = UIInterfaceOrientationPortrait;
				INFOPLIST_KEY_UISupportedInterfaceOrientations_iPad = "UIInterfaceOrientationLandscapeLeft UIInterfaceOrientationLandscapeRight UIInterfaceOrientationPortrait UIInterfaceOrientationPortraitUpsideDown";
				IPHONEOS_DEPLOYMENT_TARGET = 15.0;
				LD_RUNPATH_SEARCH_PATHS = (
					"$(inherited)",
					"@executable_path/Frameworks",
				);
				MARKETING_VERSION = 1.0.0;
				PRODUCT_BUNDLE_IDENTIFIER = com.bruce.Tangram;
				PRODUCT_NAME = "$(TARGET_NAME)";
				SWIFT_EMIT_LOC_STRINGS = YES;
				SWIFT_VERSION = 5.0;
				TARGETED_DEVICE_FAMILY = "1,2";
			};
			name = Debug;
		};
		F3E59A80299249C6004EB0F5 /* Release */ = {
			isa = XCBuildConfiguration;
			baseConfigurationReference = FE51EC9190DDA9E4C1B7925F /* Pods-Tangram.release.xcconfig */;
			buildSettings = {
				ASSETCATALOG_COMPILER_APPICON_NAME = AppIcon;
				CODE_SIGN_STYLE = Automatic;
				CURRENT_PROJECT_VERSION = 1;
				GENERATE_INFOPLIST_FILE = YES;
				INFOPLIST_FILE = Tangram/Info.plist;
				INFOPLIST_KEY_UIApplicationSupportsIndirectInputEvents = YES;
				INFOPLIST_KEY_UILaunchStoryboardName = "";
				INFOPLIST_KEY_UIMainStoryboardFile = Main;
				INFOPLIST_KEY_UISupportedInterfaceOrientations = UIInterfaceOrientationPortrait;
				INFOPLIST_KEY_UISupportedInterfaceOrientations_iPad = "UIInterfaceOrientationLandscapeLeft UIInterfaceOrientationLandscapeRight UIInterfaceOrientationPortrait UIInterfaceOrientationPortraitUpsideDown";
				IPHONEOS_DEPLOYMENT_TARGET = 15.0;
				LD_RUNPATH_SEARCH_PATHS = (
					"$(inherited)",
					"@executable_path/Frameworks",
				);
				MARKETING_VERSION = 1.0.0;
				PRODUCT_BUNDLE_IDENTIFIER = com.bruce.Tangram;
				PRODUCT_NAME = "$(TARGET_NAME)";
				SWIFT_EMIT_LOC_STRINGS = YES;
				SWIFT_VERSION = 5.0;
				TARGETED_DEVICE_FAMILY = "1,2";
			};
			name = Release;
		};
/* End XCBuildConfiguration section */

/* Begin XCConfigurationList section */
		F3E59A65299249C3004EB0F5 /* Build configuration list for PBXProject "Tangram" */ = {
			isa = XCConfigurationList;
			buildConfigurations = (
				F3E59A7C299249C6004EB0F5 /* Debug */,
				F3E59A7D299249C6004EB0F5 /* Release */,
			);
			defaultConfigurationIsVisible = 0;
			defaultConfigurationName = Release;
		};
		F3E59A7E299249C6004EB0F5 /* Build configuration list for PBXNativeTarget "Tangram" */ = {
			isa = XCConfigurationList;
			buildConfigurations = (
				F3E59A7F299249C6004EB0F5 /* Debug */,
				F3E59A80299249C6004EB0F5 /* Release */,
			);
			defaultConfigurationIsVisible = 0;
			defaultConfigurationName = Release;
		};
/* End XCConfigurationList section */
	};
	rootObject = F3E59A62299249C3004EB0F5 /* Project object */;
}
